// !$*UTF8*$!
{
	archiveVersion = 1;
	classes = {
	};
	objectVersion = 55;
	objects = {

/* Begin PBXBuildFile section */
		AD071B1C28514ED0003E4A0E /* UserList.swift in Sources */ = {isa = PBXBuildFile; fileRef = AD071B1B28514ED0003E4A0E /* UserList.swift */; };
		AD096ED12896F99C00085E0F /* ChatListView.swift in Sources */ = {isa = PBXBuildFile; fileRef = AD096ED02896F99C00085E0F /* ChatListView.swift */; };
		AD096ED328982A0E00085E0F /* ChatListViewViewModel.swift in Sources */ = {isa = PBXBuildFile; fileRef = AD096ED228982A0E00085E0F /* ChatListViewViewModel.swift */; };
		AD4EF85A289D21BF00C1A299 /* extensions.swift in Sources */ = {isa = PBXBuildFile; fileRef = AD4EF859289D21BF00C1A299 /* extensions.swift */; };
		AD5C96C22847AADA00684485 /* ActivitiyStructTest.swift in Sources */ = {isa = PBXBuildFile; fileRef = AD5C96C12847AADA00684485 /* ActivitiyStructTest.swift */; };
		AD5C96C42847B1CC00684485 /* HostClassTest.swift in Sources */ = {isa = PBXBuildFile; fileRef = AD5C96C32847B1CC00684485 /* HostClassTest.swift */; };
		AD68859727E4CF4800467592 /* LearnalizeApp.swift in Sources */ = {isa = PBXBuildFile; fileRef = AD68859627E4CF4800467592 /* LearnalizeApp.swift */; };
		AD68859B27E4CF4B00467592 /* Assets.xcassets in Resources */ = {isa = PBXBuildFile; fileRef = AD68859A27E4CF4B00467592 /* Assets.xcassets */; };
		AD68859E27E4CF4B00467592 /* Preview Assets.xcassets in Resources */ = {isa = PBXBuildFile; fileRef = AD68859D27E4CF4B00467592 /* Preview Assets.xcassets */; };
		AD6885A827E4CF4C00467592 /* LearnalizeTests.swift in Sources */ = {isa = PBXBuildFile; fileRef = AD6885A727E4CF4C00467592 /* LearnalizeTests.swift */; };
		AD6885B227E4CF4C00467592 /* LearnalizeUITests.swift in Sources */ = {isa = PBXBuildFile; fileRef = AD6885B127E4CF4C00467592 /* LearnalizeUITests.swift */; };
		AD6885B427E4CF4C00467592 /* LearnalizeUITestsLaunchTests.swift in Sources */ = {isa = PBXBuildFile; fileRef = AD6885B327E4CF4C00467592 /* LearnalizeUITestsLaunchTests.swift */; };
		AD696F8C289060900098D10C /* APIHandler.swift in Sources */ = {isa = PBXBuildFile; fileRef = AD696F8B289060900098D10C /* APIHandler.swift */; };
		AD73F152282593160019827A /* GoogleService-Info.plist in Resources */ = {isa = PBXBuildFile; fileRef = AD73F151282593160019827A /* GoogleService-Info.plist */; };
		AD8943922878D18900506865 /* Converter.swift in Sources */ = {isa = PBXBuildFile; fileRef = AD8943912878D18900506865 /* Converter.swift */; };
		AD8BF09C28918C80000E0CE2 /* FirebaseAnalytics in Frameworks */ = {isa = PBXBuildFile; productRef = AD8BF09B28918C80000E0CE2 /* FirebaseAnalytics */; };
		AD8BF09E28918C80000E0CE2 /* FirebaseAuth in Frameworks */ = {isa = PBXBuildFile; productRef = AD8BF09D28918C80000E0CE2 /* FirebaseAuth */; };
		AD8BF0A028918C80000E0CE2 /* FirebaseDatabase in Frameworks */ = {isa = PBXBuildFile; productRef = AD8BF09F28918C80000E0CE2 /* FirebaseDatabase */; };
		AD8BF0A228918C80000E0CE2 /* FirebaseDatabaseSwift in Frameworks */ = {isa = PBXBuildFile; productRef = AD8BF0A128918C80000E0CE2 /* FirebaseDatabaseSwift */; };
		AD8BF0A428918C80000E0CE2 /* FirebaseFirestore in Frameworks */ = {isa = PBXBuildFile; productRef = AD8BF0A328918C80000E0CE2 /* FirebaseFirestore */; };
		AD8BF0A628918C80000E0CE2 /* FirebaseFirestoreSwift in Frameworks */ = {isa = PBXBuildFile; productRef = AD8BF0A528918C80000E0CE2 /* FirebaseFirestoreSwift */; };
		AD8BF0A828918C80000E0CE2 /* FirebaseStorage in Frameworks */ = {isa = PBXBuildFile; productRef = AD8BF0A728918C80000E0CE2 /* FirebaseStorage */; };
		AD8BF0AB28919BF1000E0CE2 /* SDWebImageSwiftUI in Frameworks */ = {isa = PBXBuildFile; productRef = AD8BF0AA28919BF1000E0CE2 /* SDWebImageSwiftUI */; };
		AD8BF0AE2891AC9E000E0CE2 /* HMSSDK in Frameworks */ = {isa = PBXBuildFile; productRef = AD8BF0AD2891AC9E000E0CE2 /* HMSSDK */; };
		AD8BF0B12892A883000E0CE2 /* ResponseTypes.swift in Sources */ = {isa = PBXBuildFile; fileRef = AD8BF0B02892A883000E0CE2 /* ResponseTypes.swift */; };
		AD8BF0B32892A88F000E0CE2 /* RequestTypes.swift in Sources */ = {isa = PBXBuildFile; fileRef = AD8BF0B22892A88F000E0CE2 /* RequestTypes.swift */; };
		AD8BF0B62892B35B000E0CE2 /* ViewControllers.swift in Sources */ = {isa = PBXBuildFile; fileRef = AD8BF0B52892B35B000E0CE2 /* ViewControllers.swift */; };
		AD8BF0B82893DDE6000E0CE2 /* UIViewExtension.swift in Sources */ = {isa = PBXBuildFile; fileRef = AD8BF0B72893DDE5000E0CE2 /* UIViewExtension.swift */; };
		AD8BF0BA289658A7000E0CE2 /* VideoCollectionCell.swift in Sources */ = {isa = PBXBuildFile; fileRef = AD8BF0B9289658A7000E0CE2 /* VideoCollectionCell.swift */; };
		AD948CBE28B231F400569312 /* EditProfileView.swift in Sources */ = {isa = PBXBuildFile; fileRef = AD948CBD28B231F400569312 /* EditProfileView.swift */; };
		AD948CC228B2329B00569312 /* EditProfileView-ViewModel.swift in Sources */ = {isa = PBXBuildFile; fileRef = AD948CC128B2329B00569312 /* EditProfileView-ViewModel.swift */; };
		AD948CC428B38CD500569312 /* adminsIdentifiers.swift in Sources */ = {isa = PBXBuildFile; fileRef = AD948CC328B38CD400569312 /* adminsIdentifiers.swift */; };
		AD948CC728B3CCA700569312 /* Launch Screen.storyboard in Resources */ = {isa = PBXBuildFile; fileRef = AD948CC628B3CCA600569312 /* Launch Screen.storyboard */; };
		AD9DA3B428AAB8A1005B6810 /* ActivityCardsViewModel.swift in Sources */ = {isa = PBXBuildFile; fileRef = AD9DA3B328AAB8A1005B6810 /* ActivityCardsViewModel.swift */; };
		ADA7A01B28355D67006BB505 /* UserClassTest.swift in Sources */ = {isa = PBXBuildFile; fileRef = ADA7A01A28355D67006BB505 /* UserClassTest.swift */; };
		ADA7A01C28355E3B006BB505 /* registerView-ViewModel.swift in Sources */ = {isa = PBXBuildFile; fileRef = ADD03A86282BA00C0027754E /* registerView-ViewModel.swift */; };
		ADA7A01D28355E3B006BB505 /* ActivityView-ViewModel.swift in Sources */ = {isa = PBXBuildFile; fileRef = ADD03A80282B9FA00027754E /* ActivityView-ViewModel.swift */; };
		ADA7A01E28355E3B006BB505 /* PostActivityView-ViewModel.swift in Sources */ = {isa = PBXBuildFile; fileRef = ADD03A82282B9FDB0027754E /* PostActivityView-ViewModel.swift */; };
		ADA7A01F28355E3B006BB505 /* SearchView-ViewModel.swift in Sources */ = {isa = PBXBuildFile; fileRef = ADD03A88282BA01B0027754E /* SearchView-ViewModel.swift */; };
		ADA7A02028355E3B006BB505 /* ProfileView-ViewModel.swift in Sources */ = {isa = PBXBuildFile; fileRef = ADD03A7E282B9F870027754E /* ProfileView-ViewModel.swift */; };
		ADA7A02128355E3B006BB505 /* LoginView-ViewModel.swift in Sources */ = {isa = PBXBuildFile; fileRef = ADD03A84282BA0020027754E /* LoginView-ViewModel.swift */; };
		ADA7A02228355E3B006BB505 /* MainView-ViewModel.swift in Sources */ = {isa = PBXBuildFile; fileRef = ADD03A7A282B9F640027754E /* MainView-ViewModel.swift */; };
		ADA7A02328355E3B006BB505 /* HomeView-ViewModel.swift in Sources */ = {isa = PBXBuildFile; fileRef = ADD03A7C282B9F790027754E /* HomeView-ViewModel.swift */; };
		ADA7A02428355E41006BB505 /* Chat.swift in Sources */ = {isa = PBXBuildFile; fileRef = AD73C4092831495C00EE49C4 /* Chat.swift */; };
		ADA7A02528355E41006BB505 /* Activity.swift in Sources */ = {isa = PBXBuildFile; fileRef = ADEFA55F2827D65E003D79CC /* Activity.swift */; };
		ADA7A02628355E41006BB505 /* Admin.swift in Sources */ = {isa = PBXBuildFile; fileRef = ADEFA55D2827D39F003D79CC /* Admin.swift */; };
		ADA7A02728355E41006BB505 /* Participant.swift in Sources */ = {isa = PBXBuildFile; fileRef = ADEFA5592827D234003D79CC /* Participant.swift */; };
		ADA7A02828355E41006BB505 /* User.swift in Sources */ = {isa = PBXBuildFile; fileRef = AD73F15428272ECB0019827A /* User.swift */; };
		ADA7A02928355E41006BB505 /* File.swift in Sources */ = {isa = PBXBuildFile; fileRef = AD73C40D28314AB500EE49C4 /* File.swift */; };
		ADA7A02A28355E41006BB505 /* Host.swift in Sources */ = {isa = PBXBuildFile; fileRef = ADEFA55B2827D394003D79CC /* Host.swift */; };
		ADA7A02B28355E41006BB505 /* Message.swift in Sources */ = {isa = PBXBuildFile; fileRef = AD73C40B28314A5D00EE49C4 /* Message.swift */; };
		ADA7A02C28355E41006BB505 /* Friend.swift in Sources */ = {isa = PBXBuildFile; fileRef = AD73C407283145D300EE49C4 /* Friend.swift */; };
		ADA7A02D28355F98006BB505 /* HomeView.swift in Sources */ = {isa = PBXBuildFile; fileRef = AD6885C527E4D07000467592 /* HomeView.swift */; };
		ADA7A02E28355F98006BB505 /* ProfileView.swift in Sources */ = {isa = PBXBuildFile; fileRef = AD6885CB27E4D0BB00467592 /* ProfileView.swift */; };
		ADA7A02F28355F98006BB505 /* LoginView.swift in Sources */ = {isa = PBXBuildFile; fileRef = AD68859827E4CF4800467592 /* LoginView.swift */; };
		ADA7A03028355F98006BB505 /* ActivityCards.swift in Sources */ = {isa = PBXBuildFile; fileRef = AD4E86A027E9EF9400CAEEBC /* ActivityCards.swift */; };
		ADA7A03128355F98006BB505 /* RegisterView.swift in Sources */ = {isa = PBXBuildFile; fileRef = AD6885C327E4D05D00467592 /* RegisterView.swift */; };
		ADA7A03228355F98006BB505 /* ActivityView.swift in Sources */ = {isa = PBXBuildFile; fileRef = AD6885C727E4D08200467592 /* ActivityView.swift */; };
		ADA7A03328355F98006BB505 /* Colors.swift in Sources */ = {isa = PBXBuildFile; fileRef = ADF5538328218CF2002D9CB2 /* Colors.swift */; };
		ADA7A03428355F98006BB505 /* PostActivityView.swift in Sources */ = {isa = PBXBuildFile; fileRef = AD6885C927E4D0AF00467592 /* PostActivityView.swift */; };
		ADA7A03528355F98006BB505 /* SearchView.swift in Sources */ = {isa = PBXBuildFile; fileRef = AD6885CD27E4D18A00467592 /* SearchView.swift */; };
		ADA7A03628355F98006BB505 /* MainView.swift in Sources */ = {isa = PBXBuildFile; fileRef = AD6885CF27E4D4EB00467592 /* MainView.swift */; };
		ADA7A03728355F9E006BB505 /* customElements.swift in Sources */ = {isa = PBXBuildFile; fileRef = AD453C9F27FD696600235C8D /* customElements.swift */; };
		ADA7A03A28355FAB006BB505 /* Authentication.swift in Sources */ = {isa = PBXBuildFile; fileRef = AD453C9C27FD667100235C8D /* Authentication.swift */; };
		ADA7A03B28355FAE006BB505 /* Firestore.swift in Sources */ = {isa = PBXBuildFile; fileRef = ADEB77BC2829920200581F12 /* Firestore.swift */; };
		ADB7A7B928563B9C00B399D8 /* Images.swift in Sources */ = {isa = PBXBuildFile; fileRef = ADB7A7B828563B9C00B399D8 /* Images.swift */; };
		ADCDA74328C749A7004789B9 /* HMSBroadcastExtensionSDK in Frameworks */ = {isa = PBXBuildFile; productRef = ADCDA74228C749A7004789B9 /* HMSBroadcastExtensionSDK */; };
		ADCDA74628C74B40004789B9 /* HMSSDK in Frameworks */ = {isa = PBXBuildFile; productRef = ADCDA74528C74B40004789B9 /* HMSSDK */; };
		ADCEC8F0287B356C000675D3 /* Cache.swift in Sources */ = {isa = PBXBuildFile; fileRef = ADCEC8EF287B356C000675D3 /* Cache.swift */; };
		ADDC52E628A6762F0018E783 /* HMSBroadcastExtensionSDK in Frameworks */ = {isa = PBXBuildFile; productRef = ADDC52E528A6762F0018E783 /* HMSBroadcastExtensionSDK */; };
		ADDC52F028A6CDCA0018E783 /* ReplayKit.framework in Frameworks */ = {isa = PBXBuildFile; fileRef = ADDC52EF28A6CDCA0018E783 /* ReplayKit.framework */; };
		ADDC52F328A6CDCA0018E783 /* SampleHandler.swift in Sources */ = {isa = PBXBuildFile; fileRef = ADDC52F228A6CDCA0018E783 /* SampleHandler.swift */; };
		ADDC52FA28A6CDCB0018E783 /* ReplayKit.framework in Frameworks */ = {isa = PBXBuildFile; fileRef = ADDC52EF28A6CDCA0018E783 /* ReplayKit.framework */; };
		ADDC52FC28A6CDCB0018E783 /* UIKit.framework in Frameworks */ = {isa = PBXBuildFile; fileRef = ADDC52FB28A6CDCB0018E783 /* UIKit.framework */; };
		ADDC52FF28A6CDCB0018E783 /* BroadcastSetupViewController.swift in Sources */ = {isa = PBXBuildFile; fileRef = ADDC52FE28A6CDCB0018E783 /* BroadcastSetupViewController.swift */; };
		ADDC530328A6CDCB0018E783 /* broadcastSetupUI.appex in Embed App Extensions */ = {isa = PBXBuildFile; fileRef = ADDC52F928A6CDCB0018E783 /* broadcastSetupUI.appex */; settings = {ATTRIBUTES = (RemoveHeadersOnCopy, ); }; };
		ADDC530628A6CDCB0018E783 /* broadcast.appex in Embed App Extensions */ = {isa = PBXBuildFile; fileRef = ADDC52EE28A6CDCA0018E783 /* broadcast.appex */; settings = {ATTRIBUTES = (RemoveHeadersOnCopy, ); }; };
		ADDD853E287F03D000D4EB73 /* ErrorTypes.swift in Sources */ = {isa = PBXBuildFile; fileRef = ADDD853D287F03CF00D4EB73 /* ErrorTypes.swift */; };
		ADE078102899538E00A19155 /* ChatLogView.swift in Sources */ = {isa = PBXBuildFile; fileRef = ADE0780F2899538E00A19155 /* ChatLogView.swift */; };
		ADE0781228996B8F00A19155 /* ChatLogViewViewModel.swift in Sources */ = {isa = PBXBuildFile; fileRef = ADE0781128996B8F00A19155 /* ChatLogViewViewModel.swift */; };
		ADE2B8F02881F47A00490411 /* UserDefaultsExtension.swift in Sources */ = {isa = PBXBuildFile; fileRef = ADE2B8EF2881F47A00490411 /* UserDefaultsExtension.swift */; };
		ADE9990728C8E55600F41E7C /* HMSBroadcastExtensionSDK in Frameworks */ = {isa = PBXBuildFile; productRef = ADE9990628C8E55600F41E7C /* HMSBroadcastExtensionSDK */; };
		ADFB40B82836880C003C26E9 /* ActivityCards.swift in Sources */ = {isa = PBXBuildFile; fileRef = AD4E86A027E9EF9400CAEEBC /* ActivityCards.swift */; };
		ADFB40B92836880C003C26E9 /* HomeView.swift in Sources */ = {isa = PBXBuildFile; fileRef = AD6885C527E4D07000467592 /* HomeView.swift */; };
		ADFB40BA2836880C003C26E9 /* customElements.swift in Sources */ = {isa = PBXBuildFile; fileRef = AD453C9F27FD696600235C8D /* customElements.swift */; };
		ADFB40BB2836880C003C26E9 /* ProfileView.swift in Sources */ = {isa = PBXBuildFile; fileRef = AD6885CB27E4D0BB00467592 /* ProfileView.swift */; };
		ADFB40BC2836880C003C26E9 /* SearchView.swift in Sources */ = {isa = PBXBuildFile; fileRef = AD6885CD27E4D18A00467592 /* SearchView.swift */; };
		ADFB40BD2836880C003C26E9 /* Colors.swift in Sources */ = {isa = PBXBuildFile; fileRef = ADF5538328218CF2002D9CB2 /* Colors.swift */; };
		ADFB40BE2836880C003C26E9 /* MainView.swift in Sources */ = {isa = PBXBuildFile; fileRef = AD6885CF27E4D4EB00467592 /* MainView.swift */; };
		ADFB40BF2836880C003C26E9 /* LoginView.swift in Sources */ = {isa = PBXBuildFile; fileRef = AD68859827E4CF4800467592 /* LoginView.swift */; };
		ADFB40C02836880C003C26E9 /* ActivityView.swift in Sources */ = {isa = PBXBuildFile; fileRef = AD6885C727E4D08200467592 /* ActivityView.swift */; };
		ADFB40C12836880C003C26E9 /* PostActivityView.swift in Sources */ = {isa = PBXBuildFile; fileRef = AD6885C927E4D0AF00467592 /* PostActivityView.swift */; };
		ADFB40C22836880C003C26E9 /* RegisterView.swift in Sources */ = {isa = PBXBuildFile; fileRef = AD6885C327E4D05D00467592 /* RegisterView.swift */; };
		ADFB40C72836882A003C26E9 /* Authentication.swift in Sources */ = {isa = PBXBuildFile; fileRef = AD453C9C27FD667100235C8D /* Authentication.swift */; };
		ADFB40C82836882A003C26E9 /* Firestore.swift in Sources */ = {isa = PBXBuildFile; fileRef = ADEB77BC2829920200581F12 /* Firestore.swift */; };
		ADFB40C928368830003C26E9 /* ProfileView-ViewModel.swift in Sources */ = {isa = PBXBuildFile; fileRef = ADD03A7E282B9F870027754E /* ProfileView-ViewModel.swift */; };
		ADFB40CA28368830003C26E9 /* ActivityView-ViewModel.swift in Sources */ = {isa = PBXBuildFile; fileRef = ADD03A80282B9FA00027754E /* ActivityView-ViewModel.swift */; };
		ADFB40CB28368830003C26E9 /* registerView-ViewModel.swift in Sources */ = {isa = PBXBuildFile; fileRef = ADD03A86282BA00C0027754E /* registerView-ViewModel.swift */; };
		ADFB40CC28368830003C26E9 /* LoginView-ViewModel.swift in Sources */ = {isa = PBXBuildFile; fileRef = ADD03A84282BA0020027754E /* LoginView-ViewModel.swift */; };
		ADFB40CD28368830003C26E9 /* SearchView-ViewModel.swift in Sources */ = {isa = PBXBuildFile; fileRef = ADD03A88282BA01B0027754E /* SearchView-ViewModel.swift */; };
		ADFB40CE28368830003C26E9 /* PostActivityView-ViewModel.swift in Sources */ = {isa = PBXBuildFile; fileRef = ADD03A82282B9FDB0027754E /* PostActivityView-ViewModel.swift */; };
		ADFB40CF28368830003C26E9 /* MainView-ViewModel.swift in Sources */ = {isa = PBXBuildFile; fileRef = ADD03A7A282B9F640027754E /* MainView-ViewModel.swift */; };
		ADFB40D028368830003C26E9 /* HomeView-ViewModel.swift in Sources */ = {isa = PBXBuildFile; fileRef = ADD03A7C282B9F790027754E /* HomeView-ViewModel.swift */; };
		ADFB40D128368835003C26E9 /* Activity.swift in Sources */ = {isa = PBXBuildFile; fileRef = ADEFA55F2827D65E003D79CC /* Activity.swift */; };
		ADFB40D228368835003C26E9 /* Chat.swift in Sources */ = {isa = PBXBuildFile; fileRef = AD73C4092831495C00EE49C4 /* Chat.swift */; };
		ADFB40D328368835003C26E9 /* User.swift in Sources */ = {isa = PBXBuildFile; fileRef = AD73F15428272ECB0019827A /* User.swift */; };
		ADFB40D428368835003C26E9 /* Host.swift in Sources */ = {isa = PBXBuildFile; fileRef = ADEFA55B2827D394003D79CC /* Host.swift */; };
		ADFB40D528368835003C26E9 /* File.swift in Sources */ = {isa = PBXBuildFile; fileRef = AD73C40D28314AB500EE49C4 /* File.swift */; };
		ADFB40D628368835003C26E9 /* Admin.swift in Sources */ = {isa = PBXBuildFile; fileRef = ADEFA55D2827D39F003D79CC /* Admin.swift */; };
		ADFB40D728368835003C26E9 /* Message.swift in Sources */ = {isa = PBXBuildFile; fileRef = AD73C40B28314A5D00EE49C4 /* Message.swift */; };
		ADFB40D828368835003C26E9 /* Friend.swift in Sources */ = {isa = PBXBuildFile; fileRef = AD73C407283145D300EE49C4 /* Friend.swift */; };
		ADFB40D928368835003C26E9 /* Participant.swift in Sources */ = {isa = PBXBuildFile; fileRef = ADEFA5592827D234003D79CC /* Participant.swift */; };
/* End PBXBuildFile section */

/* Begin PBXContainerItemProxy section */
		AD6885A427E4CF4C00467592 /* PBXContainerItemProxy */ = {
			isa = PBXContainerItemProxy;
			containerPortal = AD68858B27E4CF4800467592 /* Project object */;
			proxyType = 1;
			remoteGlobalIDString = AD68859227E4CF4800467592;
			remoteInfo = Learnalize;
		};
		AD6885AE27E4CF4C00467592 /* PBXContainerItemProxy */ = {
			isa = PBXContainerItemProxy;
			containerPortal = AD68858B27E4CF4800467592 /* Project object */;
			proxyType = 1;
			remoteGlobalIDString = AD68859227E4CF4800467592;
			remoteInfo = Learnalize;
		};
		ADDC530128A6CDCB0018E783 /* PBXContainerItemProxy */ = {
			isa = PBXContainerItemProxy;
			containerPortal = AD68858B27E4CF4800467592 /* Project object */;
			proxyType = 1;
			remoteGlobalIDString = ADDC52F828A6CDCB0018E783;
			remoteInfo = broadcastSetupUI;
		};
		ADDC530428A6CDCB0018E783 /* PBXContainerItemProxy */ = {
			isa = PBXContainerItemProxy;
			containerPortal = AD68858B27E4CF4800467592 /* Project object */;
			proxyType = 1;
			remoteGlobalIDString = ADDC52ED28A6CDCA0018E783;
			remoteInfo = broadcast;
		};
/* End PBXContainerItemProxy section */

/* Begin PBXCopyFilesBuildPhase section */
		ADDC530D28A6CDCB0018E783 /* Embed App Extensions */ = {
			isa = PBXCopyFilesBuildPhase;
			buildActionMask = 2147483647;
			dstPath = "";
			dstSubfolderSpec = 13;
			files = (
				ADDC530628A6CDCB0018E783 /* broadcast.appex in Embed App Extensions */,
				ADDC530328A6CDCB0018E783 /* broadcastSetupUI.appex in Embed App Extensions */,
			);
			name = "Embed App Extensions";
			runOnlyForDeploymentPostprocessing = 0;
		};
/* End PBXCopyFilesBuildPhase section */

/* Begin PBXFileReference section */
		AD071B1B28514ED0003E4A0E /* UserList.swift */ = {isa = PBXFileReference; lastKnownFileType = sourcecode.swift; path = UserList.swift; sourceTree = "<group>"; };
		AD096ED02896F99C00085E0F /* ChatListView.swift */ = {isa = PBXFileReference; lastKnownFileType = sourcecode.swift; path = ChatListView.swift; sourceTree = "<group>"; };
		AD096ED228982A0E00085E0F /* ChatListViewViewModel.swift */ = {isa = PBXFileReference; lastKnownFileType = sourcecode.swift; path = ChatListViewViewModel.swift; sourceTree = "<group>"; };
		AD453C9C27FD667100235C8D /* Authentication.swift */ = {isa = PBXFileReference; lastKnownFileType = sourcecode.swift; path = Authentication.swift; sourceTree = "<group>"; };
		AD453C9F27FD696600235C8D /* customElements.swift */ = {isa = PBXFileReference; lastKnownFileType = sourcecode.swift; path = customElements.swift; sourceTree = "<group>"; };
		AD4E86A027E9EF9400CAEEBC /* ActivityCards.swift */ = {isa = PBXFileReference; lastKnownFileType = sourcecode.swift; path = ActivityCards.swift; sourceTree = "<group>"; };
		AD4EF859289D21BF00C1A299 /* extensions.swift */ = {isa = PBXFileReference; lastKnownFileType = sourcecode.swift; path = extensions.swift; sourceTree = "<group>"; };
		AD5C96C12847AADA00684485 /* ActivitiyStructTest.swift */ = {isa = PBXFileReference; lastKnownFileType = sourcecode.swift; path = ActivitiyStructTest.swift; sourceTree = "<group>"; };
		AD5C96C32847B1CC00684485 /* HostClassTest.swift */ = {isa = PBXFileReference; lastKnownFileType = sourcecode.swift; path = HostClassTest.swift; sourceTree = "<group>"; };
		AD68859327E4CF4800467592 /* Learnalize.app */ = {isa = PBXFileReference; explicitFileType = wrapper.application; includeInIndex = 0; path = Learnalize.app; sourceTree = BUILT_PRODUCTS_DIR; };
		AD68859627E4CF4800467592 /* LearnalizeApp.swift */ = {isa = PBXFileReference; lastKnownFileType = sourcecode.swift; path = LearnalizeApp.swift; sourceTree = "<group>"; };
		AD68859827E4CF4800467592 /* LoginView.swift */ = {isa = PBXFileReference; lastKnownFileType = sourcecode.swift; path = LoginView.swift; sourceTree = "<group>"; };
		AD68859A27E4CF4B00467592 /* Assets.xcassets */ = {isa = PBXFileReference; lastKnownFileType = folder.assetcatalog; path = Assets.xcassets; sourceTree = "<group>"; };
		AD68859D27E4CF4B00467592 /* Preview Assets.xcassets */ = {isa = PBXFileReference; lastKnownFileType = folder.assetcatalog; path = "Preview Assets.xcassets"; sourceTree = "<group>"; };
		AD6885A327E4CF4C00467592 /* LearnalizeTests.xctest */ = {isa = PBXFileReference; explicitFileType = wrapper.cfbundle; includeInIndex = 0; path = LearnalizeTests.xctest; sourceTree = BUILT_PRODUCTS_DIR; };
		AD6885A727E4CF4C00467592 /* LearnalizeTests.swift */ = {isa = PBXFileReference; lastKnownFileType = sourcecode.swift; path = LearnalizeTests.swift; sourceTree = "<group>"; };
		AD6885AD27E4CF4C00467592 /* LearnalizeUITests.xctest */ = {isa = PBXFileReference; explicitFileType = wrapper.cfbundle; includeInIndex = 0; path = LearnalizeUITests.xctest; sourceTree = BUILT_PRODUCTS_DIR; };
		AD6885B127E4CF4C00467592 /* LearnalizeUITests.swift */ = {isa = PBXFileReference; lastKnownFileType = sourcecode.swift; path = LearnalizeUITests.swift; sourceTree = "<group>"; };
		AD6885B327E4CF4C00467592 /* LearnalizeUITestsLaunchTests.swift */ = {isa = PBXFileReference; lastKnownFileType = sourcecode.swift; path = LearnalizeUITestsLaunchTests.swift; sourceTree = "<group>"; };
		AD6885C327E4D05D00467592 /* RegisterView.swift */ = {isa = PBXFileReference; lastKnownFileType = sourcecode.swift; path = RegisterView.swift; sourceTree = "<group>"; };
		AD6885C527E4D07000467592 /* HomeView.swift */ = {isa = PBXFileReference; lastKnownFileType = sourcecode.swift; path = HomeView.swift; sourceTree = "<group>"; };
		AD6885C727E4D08200467592 /* ActivityView.swift */ = {isa = PBXFileReference; lastKnownFileType = sourcecode.swift; path = ActivityView.swift; sourceTree = "<group>"; };
		AD6885C927E4D0AF00467592 /* PostActivityView.swift */ = {isa = PBXFileReference; lastKnownFileType = sourcecode.swift; path = PostActivityView.swift; sourceTree = "<group>"; };
		AD6885CB27E4D0BB00467592 /* ProfileView.swift */ = {isa = PBXFileReference; lastKnownFileType = sourcecode.swift; path = ProfileView.swift; sourceTree = "<group>"; };
		AD6885CD27E4D18A00467592 /* SearchView.swift */ = {isa = PBXFileReference; lastKnownFileType = sourcecode.swift; path = SearchView.swift; sourceTree = "<group>"; };
		AD6885CF27E4D4EB00467592 /* MainView.swift */ = {isa = PBXFileReference; lastKnownFileType = sourcecode.swift; path = MainView.swift; sourceTree = "<group>"; };
		AD696F8B289060900098D10C /* APIHandler.swift */ = {isa = PBXFileReference; fileEncoding = 4; lastKnownFileType = sourcecode.swift; path = APIHandler.swift; sourceTree = "<group>"; };
		AD73C407283145D300EE49C4 /* Friend.swift */ = {isa = PBXFileReference; lastKnownFileType = sourcecode.swift; path = Friend.swift; sourceTree = "<group>"; };
		AD73C4092831495C00EE49C4 /* Chat.swift */ = {isa = PBXFileReference; lastKnownFileType = sourcecode.swift; path = Chat.swift; sourceTree = "<group>"; };
		AD73C40B28314A5D00EE49C4 /* Message.swift */ = {isa = PBXFileReference; lastKnownFileType = sourcecode.swift; path = Message.swift; sourceTree = "<group>"; };
		AD73C40D28314AB500EE49C4 /* File.swift */ = {isa = PBXFileReference; lastKnownFileType = sourcecode.swift; path = File.swift; sourceTree = "<group>"; };
		AD73F151282593160019827A /* GoogleService-Info.plist */ = {isa = PBXFileReference; fileEncoding = 4; lastKnownFileType = text.plist.xml; path = "GoogleService-Info.plist"; sourceTree = "<group>"; };
		AD73F15428272ECB0019827A /* User.swift */ = {isa = PBXFileReference; lastKnownFileType = sourcecode.swift; path = User.swift; sourceTree = "<group>"; };
		AD8943912878D18900506865 /* Converter.swift */ = {isa = PBXFileReference; lastKnownFileType = sourcecode.swift; path = Converter.swift; sourceTree = "<group>"; };
		AD8BF0B02892A883000E0CE2 /* ResponseTypes.swift */ = {isa = PBXFileReference; fileEncoding = 4; lastKnownFileType = sourcecode.swift; path = ResponseTypes.swift; sourceTree = "<group>"; };
		AD8BF0B22892A88F000E0CE2 /* RequestTypes.swift */ = {isa = PBXFileReference; fileEncoding = 4; lastKnownFileType = sourcecode.swift; path = RequestTypes.swift; sourceTree = "<group>"; };
		AD8BF0B52892B35B000E0CE2 /* ViewControllers.swift */ = {isa = PBXFileReference; fileEncoding = 4; lastKnownFileType = sourcecode.swift; path = ViewControllers.swift; sourceTree = "<group>"; };
		AD8BF0B72893DDE5000E0CE2 /* UIViewExtension.swift */ = {isa = PBXFileReference; lastKnownFileType = sourcecode.swift; path = UIViewExtension.swift; sourceTree = "<group>"; };
		AD8BF0B9289658A7000E0CE2 /* VideoCollectionCell.swift */ = {isa = PBXFileReference; lastKnownFileType = sourcecode.swift; path = VideoCollectionCell.swift; sourceTree = "<group>"; };
		AD948CBD28B231F400569312 /* EditProfileView.swift */ = {isa = PBXFileReference; lastKnownFileType = sourcecode.swift; path = EditProfileView.swift; sourceTree = "<group>"; };
		AD948CC128B2329B00569312 /* EditProfileView-ViewModel.swift */ = {isa = PBXFileReference; lastKnownFileType = sourcecode.swift; path = "EditProfileView-ViewModel.swift"; sourceTree = "<group>"; };
		AD948CC328B38CD400569312 /* adminsIdentifiers.swift */ = {isa = PBXFileReference; lastKnownFileType = sourcecode.swift; path = adminsIdentifiers.swift; sourceTree = "<group>"; };
		AD948CC628B3CCA600569312 /* Launch Screen.storyboard */ = {isa = PBXFileReference; lastKnownFileType = file.storyboard; path = "Launch Screen.storyboard"; sourceTree = "<group>"; };
		AD9DA3B328AAB8A1005B6810 /* ActivityCardsViewModel.swift */ = {isa = PBXFileReference; lastKnownFileType = sourcecode.swift; path = ActivityCardsViewModel.swift; sourceTree = "<group>"; };
		ADA7A01A28355D67006BB505 /* UserClassTest.swift */ = {isa = PBXFileReference; lastKnownFileType = sourcecode.swift; path = UserClassTest.swift; sourceTree = "<group>"; };
		ADAEEABD28AE7D36004B56EF /* Info.plist */ = {isa = PBXFileReference; lastKnownFileType = text.plist; path = Info.plist; sourceTree = "<group>"; };
		ADB7A7B828563B9C00B399D8 /* Images.swift */ = {isa = PBXFileReference; lastKnownFileType = sourcecode.swift; path = Images.swift; sourceTree = "<group>"; };
		ADCEC8EF287B356C000675D3 /* Cache.swift */ = {isa = PBXFileReference; lastKnownFileType = sourcecode.swift; path = Cache.swift; sourceTree = "<group>"; };
		ADD03A7A282B9F640027754E /* MainView-ViewModel.swift */ = {isa = PBXFileReference; lastKnownFileType = sourcecode.swift; path = "MainView-ViewModel.swift"; sourceTree = "<group>"; };
		ADD03A7C282B9F790027754E /* HomeView-ViewModel.swift */ = {isa = PBXFileReference; lastKnownFileType = sourcecode.swift; path = "HomeView-ViewModel.swift"; sourceTree = "<group>"; };
		ADD03A7E282B9F870027754E /* ProfileView-ViewModel.swift */ = {isa = PBXFileReference; lastKnownFileType = sourcecode.swift; path = "ProfileView-ViewModel.swift"; sourceTree = "<group>"; };
		ADD03A80282B9FA00027754E /* ActivityView-ViewModel.swift */ = {isa = PBXFileReference; lastKnownFileType = sourcecode.swift; path = "ActivityView-ViewModel.swift"; sourceTree = "<group>"; };
		ADD03A82282B9FDB0027754E /* PostActivityView-ViewModel.swift */ = {isa = PBXFileReference; lastKnownFileType = sourcecode.swift; path = "PostActivityView-ViewModel.swift"; sourceTree = "<group>"; };
		ADD03A84282BA0020027754E /* LoginView-ViewModel.swift */ = {isa = PBXFileReference; lastKnownFileType = sourcecode.swift; path = "LoginView-ViewModel.swift"; sourceTree = "<group>"; };
		ADD03A86282BA00C0027754E /* registerView-ViewModel.swift */ = {isa = PBXFileReference; lastKnownFileType = sourcecode.swift; path = "registerView-ViewModel.swift"; sourceTree = "<group>"; };
		ADD03A88282BA01B0027754E /* SearchView-ViewModel.swift */ = {isa = PBXFileReference; lastKnownFileType = sourcecode.swift; path = "SearchView-ViewModel.swift"; sourceTree = "<group>"; };
		ADDC52E928A688010018E783 /* Learnalize.entitlements */ = {isa = PBXFileReference; lastKnownFileType = text.plist.entitlements; path = Learnalize.entitlements; sourceTree = "<group>"; };
		ADDC52EE28A6CDCA0018E783 /* broadcast.appex */ = {isa = PBXFileReference; explicitFileType = "wrapper.app-extension"; includeInIndex = 0; path = broadcast.appex; sourceTree = BUILT_PRODUCTS_DIR; };
		ADDC52EF28A6CDCA0018E783 /* ReplayKit.framework */ = {isa = PBXFileReference; lastKnownFileType = wrapper.framework; name = ReplayKit.framework; path = System/Library/Frameworks/ReplayKit.framework; sourceTree = SDKROOT; };
		ADDC52F228A6CDCA0018E783 /* SampleHandler.swift */ = {isa = PBXFileReference; lastKnownFileType = sourcecode.swift; path = SampleHandler.swift; sourceTree = "<group>"; };
		ADDC52F428A6CDCA0018E783 /* Info.plist */ = {isa = PBXFileReference; lastKnownFileType = text.plist.xml; path = Info.plist; sourceTree = "<group>"; };
		ADDC52F928A6CDCB0018E783 /* broadcastSetupUI.appex */ = {isa = PBXFileReference; explicitFileType = "wrapper.app-extension"; includeInIndex = 0; path = broadcastSetupUI.appex; sourceTree = BUILT_PRODUCTS_DIR; };
		ADDC52FB28A6CDCB0018E783 /* UIKit.framework */ = {isa = PBXFileReference; lastKnownFileType = wrapper.framework; name = UIKit.framework; path = System/Library/Frameworks/UIKit.framework; sourceTree = SDKROOT; };
		ADDC52FE28A6CDCB0018E783 /* BroadcastSetupViewController.swift */ = {isa = PBXFileReference; lastKnownFileType = sourcecode.swift; path = BroadcastSetupViewController.swift; sourceTree = "<group>"; };
		ADDC530028A6CDCB0018E783 /* Info.plist */ = {isa = PBXFileReference; lastKnownFileType = text.plist.xml; path = Info.plist; sourceTree = "<group>"; };
		ADDC530E28A77B190018E783 /* broadcast.entitlements */ = {isa = PBXFileReference; lastKnownFileType = text.plist.entitlements; path = broadcast.entitlements; sourceTree = "<group>"; };
		ADDC530F28A77B2B0018E783 /* broadcastSetupUI.entitlements */ = {isa = PBXFileReference; lastKnownFileType = text.plist.entitlements; path = broadcastSetupUI.entitlements; sourceTree = "<group>"; };
		ADDD853D287F03CF00D4EB73 /* ErrorTypes.swift */ = {isa = PBXFileReference; lastKnownFileType = sourcecode.swift; path = ErrorTypes.swift; sourceTree = "<group>"; };
		ADE0780F2899538E00A19155 /* ChatLogView.swift */ = {isa = PBXFileReference; lastKnownFileType = sourcecode.swift; path = ChatLogView.swift; sourceTree = "<group>"; };
		ADE0781128996B8F00A19155 /* ChatLogViewViewModel.swift */ = {isa = PBXFileReference; lastKnownFileType = sourcecode.swift; path = ChatLogViewViewModel.swift; sourceTree = "<group>"; };
		ADE2B8EF2881F47A00490411 /* UserDefaultsExtension.swift */ = {isa = PBXFileReference; lastKnownFileType = sourcecode.swift; path = UserDefaultsExtension.swift; sourceTree = "<group>"; };
		ADEB77BC2829920200581F12 /* Firestore.swift */ = {isa = PBXFileReference; lastKnownFileType = sourcecode.swift; path = Firestore.swift; sourceTree = "<group>"; };
		ADEFA5592827D234003D79CC /* Participant.swift */ = {isa = PBXFileReference; lastKnownFileType = sourcecode.swift; path = Participant.swift; sourceTree = "<group>"; };
		ADEFA55B2827D394003D79CC /* Host.swift */ = {isa = PBXFileReference; lastKnownFileType = sourcecode.swift; path = Host.swift; sourceTree = "<group>"; };
		ADEFA55D2827D39F003D79CC /* Admin.swift */ = {isa = PBXFileReference; lastKnownFileType = sourcecode.swift; path = Admin.swift; sourceTree = "<group>"; };
		ADEFA55F2827D65E003D79CC /* Activity.swift */ = {isa = PBXFileReference; lastKnownFileType = sourcecode.swift; path = Activity.swift; sourceTree = "<group>"; };
		ADF5538328218CF2002D9CB2 /* Colors.swift */ = {isa = PBXFileReference; lastKnownFileType = sourcecode.swift; path = Colors.swift; sourceTree = "<group>"; };
/* End PBXFileReference section */

/* Begin PBXFrameworksBuildPhase section */
		AD68859027E4CF4800467592 /* Frameworks */ = {
			isa = PBXFrameworksBuildPhase;
			buildActionMask = 2147483647;
			files = (
				ADE9990728C8E55600F41E7C /* HMSBroadcastExtensionSDK in Frameworks */,
				ADCDA74628C74B40004789B9 /* HMSSDK in Frameworks */,
				AD8BF0A228918C80000E0CE2 /* FirebaseDatabaseSwift in Frameworks */,
				AD8BF0A028918C80000E0CE2 /* FirebaseDatabase in Frameworks */,
				AD8BF09C28918C80000E0CE2 /* FirebaseAnalytics in Frameworks */,
				AD8BF0AE2891AC9E000E0CE2 /* HMSSDK in Frameworks */,
				ADDC52E628A6762F0018E783 /* HMSBroadcastExtensionSDK in Frameworks */,
				AD8BF0A428918C80000E0CE2 /* FirebaseFirestore in Frameworks */,
				AD8BF0AB28919BF1000E0CE2 /* SDWebImageSwiftUI in Frameworks */,
				ADCDA74328C749A7004789B9 /* HMSBroadcastExtensionSDK in Frameworks */,
				AD8BF0A828918C80000E0CE2 /* FirebaseStorage in Frameworks */,
				AD8BF09E28918C80000E0CE2 /* FirebaseAuth in Frameworks */,
				AD8BF0A628918C80000E0CE2 /* FirebaseFirestoreSwift in Frameworks */,
			);
			runOnlyForDeploymentPostprocessing = 0;
		};
		AD6885A027E4CF4C00467592 /* Frameworks */ = {
			isa = PBXFrameworksBuildPhase;
			buildActionMask = 2147483647;
			files = (
			);
			runOnlyForDeploymentPostprocessing = 0;
		};
		AD6885AA27E4CF4C00467592 /* Frameworks */ = {
			isa = PBXFrameworksBuildPhase;
			buildActionMask = 2147483647;
			files = (
			);
			runOnlyForDeploymentPostprocessing = 0;
		};
		ADDC52EB28A6CDCA0018E783 /* Frameworks */ = {
			isa = PBXFrameworksBuildPhase;
			buildActionMask = 2147483647;
			files = (
				ADDC52F028A6CDCA0018E783 /* ReplayKit.framework in Frameworks */,
			);
			runOnlyForDeploymentPostprocessing = 0;
		};
		ADDC52F628A6CDCB0018E783 /* Frameworks */ = {
			isa = PBXFrameworksBuildPhase;
			buildActionMask = 2147483647;
			files = (
				ADDC52FA28A6CDCB0018E783 /* ReplayKit.framework in Frameworks */,
				ADDC52FC28A6CDCB0018E783 /* UIKit.framework in Frameworks */,
			);
			runOnlyForDeploymentPostprocessing = 0;
		};
/* End PBXFrameworksBuildPhase section */

/* Begin PBXGroup section */
		AD453C9A27FD664F00235C8D /* Firebase */ = {
			isa = PBXGroup;
			children = (
				ADEB77BC2829920200581F12 /* Firestore.swift */,
				AD453C9C27FD667100235C8D /* Authentication.swift */,
			);
			path = Firebase;
			sourceTree = "<group>";
		};
		AD453C9E27FD695600235C8D /* view elements */ = {
			isa = PBXGroup;
			children = (
				AD453C9F27FD696600235C8D /* customElements.swift */,
				AD4E86A027E9EF9400CAEEBC /* ActivityCards.swift */,
				AD071B1B28514ED0003E4A0E /* UserList.swift */,
			);
			path = "view elements";
			sourceTree = "<group>";
		};
		AD68858A27E4CF4800467592 = {
			isa = PBXGroup;
			children = (
				AD68859527E4CF4800467592 /* Learnalize */,
				AD6885A627E4CF4C00467592 /* LearnalizeTests */,
				AD6885B027E4CF4C00467592 /* LearnalizeUITests */,
				ADDC52F128A6CDCA0018E783 /* broadcast */,
				ADDC52FD28A6CDCB0018E783 /* broadcastSetupUI */,
				AD68859427E4CF4800467592 /* Products */,
				AD73F14A2825792D0019827A /* Frameworks */,
			);
			sourceTree = "<group>";
		};
		AD68859427E4CF4800467592 /* Products */ = {
			isa = PBXGroup;
			children = (
				AD68859327E4CF4800467592 /* Learnalize.app */,
				AD6885A327E4CF4C00467592 /* LearnalizeTests.xctest */,
				AD6885AD27E4CF4C00467592 /* LearnalizeUITests.xctest */,
				ADDC52EE28A6CDCA0018E783 /* broadcast.appex */,
				ADDC52F928A6CDCB0018E783 /* broadcastSetupUI.appex */,
			);
			name = Products;
			sourceTree = "<group>";
		};
		AD68859527E4CF4800467592 /* Learnalize */ = {
			isa = PBXGroup;
			children = (
				ADAEEABD28AE7D36004B56EF /* Info.plist */,
				ADDC52E928A688010018E783 /* Learnalize.entitlements */,
				AD6885C127E4CFCF00467592 /* Model */,
				AD6885C227E4CFDB00467592 /* Model View */,
				AD6885C027E4CFC600467592 /* view */,
				AD68859A27E4CF4B00467592 /* Assets.xcassets */,
				AD68859627E4CF4800467592 /* LearnalizeApp.swift */,
				AD73F151282593160019827A /* GoogleService-Info.plist */,
				AD68859C27E4CF4B00467592 /* Preview Content */,
			);
			path = Learnalize;
			sourceTree = "<group>";
		};
		AD68859C27E4CF4B00467592 /* Preview Content */ = {
			isa = PBXGroup;
			children = (
				AD68859D27E4CF4B00467592 /* Preview Assets.xcassets */,
			);
			path = "Preview Content";
			sourceTree = "<group>";
		};
		AD6885A627E4CF4C00467592 /* LearnalizeTests */ = {
			isa = PBXGroup;
			children = (
				ADB59252283A859B008DF5E1 /* Model tests */,
				ADB59251283A8594008DF5E1 /* Model view tests */,
				AD6885A727E4CF4C00467592 /* LearnalizeTests.swift */,
			);
			path = LearnalizeTests;
			sourceTree = "<group>";
		};
		AD6885B027E4CF4C00467592 /* LearnalizeUITests */ = {
			isa = PBXGroup;
			children = (
				AD6885B127E4CF4C00467592 /* LearnalizeUITests.swift */,
				AD6885B327E4CF4C00467592 /* LearnalizeUITestsLaunchTests.swift */,
			);
			path = LearnalizeUITests;
			sourceTree = "<group>";
		};
		AD6885C027E4CFC600467592 /* view */ = {
			isa = PBXGroup;
			children = (
				AD948CC528B3CC7E00569312 /* Launch screen */,
				AD8BF0B42892B34D000E0CE2 /* Activity View */,
				ADF5538328218CF2002D9CB2 /* Colors.swift */,
				ADA7A0172833FE07006BB505 /* extensions */,
				AD453C9E27FD695600235C8D /* view elements */,
				AD6885CF27E4D4EB00467592 /* MainView.swift */,
				AD6885C527E4D07000467592 /* HomeView.swift */,
				AD6885C927E4D0AF00467592 /* PostActivityView.swift */,
				AD6885CB27E4D0BB00467592 /* ProfileView.swift */,
				AD6885C727E4D08200467592 /* ActivityView.swift */,
				AD68859827E4CF4800467592 /* LoginView.swift */,
				AD6885C327E4D05D00467592 /* RegisterView.swift */,
				AD6885CD27E4D18A00467592 /* SearchView.swift */,
				AD096ED02896F99C00085E0F /* ChatListView.swift */,
				ADE0780F2899538E00A19155 /* ChatLogView.swift */,
				AD948CBD28B231F400569312 /* EditProfileView.swift */,
			);
			path = view;
			sourceTree = "<group>";
		};
		AD6885C127E4CFCF00467592 /* Model */ = {
			isa = PBXGroup;
			children = (
				AD696F8A2890607C0098D10C /* Video Call API */,
				AD8943912878D18900506865 /* Converter.swift */,
				AD73F15328272EBC0019827A /* data model */,
				AD453C9A27FD664F00235C8D /* Firebase */,
				ADCEC8EF287B356C000675D3 /* Cache.swift */,
				ADE2B8EF2881F47A00490411 /* UserDefaultsExtension.swift */,
				AD948CC328B38CD400569312 /* adminsIdentifiers.swift */,
			);
			path = Model;
			sourceTree = "<group>";
		};
		AD6885C227E4CFDB00467592 /* Model View */ = {
			isa = PBXGroup;
			children = (
				AD9DA3B228AAB884005B6810 /* view elements */,
				ADD03A7A282B9F640027754E /* MainView-ViewModel.swift */,
				ADD03A7C282B9F790027754E /* HomeView-ViewModel.swift */,
				ADD03A7E282B9F870027754E /* ProfileView-ViewModel.swift */,
				ADD03A80282B9FA00027754E /* ActivityView-ViewModel.swift */,
				ADD03A82282B9FDB0027754E /* PostActivityView-ViewModel.swift */,
				ADD03A84282BA0020027754E /* LoginView-ViewModel.swift */,
				ADD03A86282BA00C0027754E /* registerView-ViewModel.swift */,
				ADD03A88282BA01B0027754E /* SearchView-ViewModel.swift */,
				ADDD853D287F03CF00D4EB73 /* ErrorTypes.swift */,
				AD096ED228982A0E00085E0F /* ChatListViewViewModel.swift */,
				ADE0781128996B8F00A19155 /* ChatLogViewViewModel.swift */,
				AD948CC128B2329B00569312 /* EditProfileView-ViewModel.swift */,
			);
			path = "Model View";
			sourceTree = "<group>";
		};
		AD696F8A2890607C0098D10C /* Video Call API */ = {
			isa = PBXGroup;
			children = (
				AD8BF0B22892A88F000E0CE2 /* RequestTypes.swift */,
				AD8BF0B02892A883000E0CE2 /* ResponseTypes.swift */,
				AD696F8B289060900098D10C /* APIHandler.swift */,
			);
			path = "Video Call API";
			sourceTree = "<group>";
		};
		AD73F14A2825792D0019827A /* Frameworks */ = {
			isa = PBXGroup;
			children = (
				ADDC52EF28A6CDCA0018E783 /* ReplayKit.framework */,
				ADDC52FB28A6CDCB0018E783 /* UIKit.framework */,
			);
			name = Frameworks;
			sourceTree = "<group>";
		};
		AD73F15328272EBC0019827A /* data model */ = {
			isa = PBXGroup;
			children = (
				AD73F15428272ECB0019827A /* User.swift */,
				ADEFA55F2827D65E003D79CC /* Activity.swift */,
				ADEFA5592827D234003D79CC /* Participant.swift */,
				ADEFA55B2827D394003D79CC /* Host.swift */,
				ADEFA55D2827D39F003D79CC /* Admin.swift */,
				AD73C407283145D300EE49C4 /* Friend.swift */,
				AD73C4092831495C00EE49C4 /* Chat.swift */,
				AD73C40B28314A5D00EE49C4 /* Message.swift */,
				AD73C40D28314AB500EE49C4 /* File.swift */,
			);
			path = "data model";
			sourceTree = "<group>";
		};
		AD8BF0B42892B34D000E0CE2 /* Activity View */ = {
			isa = PBXGroup;
			children = (
				ADB7A7B828563B9C00B399D8 /* Images.swift */,
				AD8BF0B52892B35B000E0CE2 /* ViewControllers.swift */,
				AD8BF0B9289658A7000E0CE2 /* VideoCollectionCell.swift */,
				AD8BF0B72893DDE5000E0CE2 /* UIViewExtension.swift */,
			);
			path = "Activity View";
			sourceTree = "<group>";
		};
		AD948CC528B3CC7E00569312 /* Launch screen */ = {
			isa = PBXGroup;
			children = (
				AD948CC628B3CCA600569312 /* Launch Screen.storyboard */,
			);
			path = "Launch screen";
			sourceTree = "<group>";
		};
		AD9DA3B228AAB884005B6810 /* view elements */ = {
			isa = PBXGroup;
			children = (
				AD9DA3B328AAB8A1005B6810 /* ActivityCardsViewModel.swift */,
			);
			path = "view elements";
			sourceTree = "<group>";
		};
		ADA7A0172833FE07006BB505 /* extensions */ = {
			isa = PBXGroup;
			children = (
				AD4EF859289D21BF00C1A299 /* extensions.swift */,
			);
			path = extensions;
			sourceTree = "<group>";
		};
		ADB59251283A8594008DF5E1 /* Model view tests */ = {
			isa = PBXGroup;
			children = (
			);
			path = "Model view tests";
			sourceTree = "<group>";
		};
		ADB59252283A859B008DF5E1 /* Model tests */ = {
			isa = PBXGroup;
			children = (
				AD5C96C32847B1CC00684485 /* HostClassTest.swift */,
				AD5C96C12847AADA00684485 /* ActivitiyStructTest.swift */,
				ADA7A01A28355D67006BB505 /* UserClassTest.swift */,
				ADB59253283A85AD008DF5E1 /* Firebase tests */,
			);
			path = "Model tests";
			sourceTree = "<group>";
		};
		ADB59253283A85AD008DF5E1 /* Firebase tests */ = {
			isa = PBXGroup;
			children = (
			);
			path = "Firebase tests";
			sourceTree = "<group>";
		};
		ADDC52F128A6CDCA0018E783 /* broadcast */ = {
			isa = PBXGroup;
			children = (
				ADDC530E28A77B190018E783 /* broadcast.entitlements */,
				ADDC52F228A6CDCA0018E783 /* SampleHandler.swift */,
				ADDC52F428A6CDCA0018E783 /* Info.plist */,
			);
			path = broadcast;
			sourceTree = "<group>";
		};
		ADDC52FD28A6CDCB0018E783 /* broadcastSetupUI */ = {
			isa = PBXGroup;
			children = (
				ADDC530F28A77B2B0018E783 /* broadcastSetupUI.entitlements */,
				ADDC52FE28A6CDCB0018E783 /* BroadcastSetupViewController.swift */,
				ADDC530028A6CDCB0018E783 /* Info.plist */,
			);
			path = broadcastSetupUI;
			sourceTree = "<group>";
		};
/* End PBXGroup section */

/* Begin PBXNativeTarget section */
		AD68859227E4CF4800467592 /* Learnalize */ = {
			isa = PBXNativeTarget;
			buildConfigurationList = AD6885B727E4CF4C00467592 /* Build configuration list for PBXNativeTarget "Learnalize" */;
			buildPhases = (
				AD68858F27E4CF4800467592 /* Sources */,
				AD68859027E4CF4800467592 /* Frameworks */,
				AD68859127E4CF4800467592 /* Resources */,
				ADDC530D28A6CDCB0018E783 /* Embed App Extensions */,
			);
			buildRules = (
			);
			dependencies = (
				ADDC530228A6CDCB0018E783 /* PBXTargetDependency */,
				ADDC530528A6CDCB0018E783 /* PBXTargetDependency */,
			);
			name = Learnalize;
			packageProductDependencies = (
				AD8BF09B28918C80000E0CE2 /* FirebaseAnalytics */,
				AD8BF09D28918C80000E0CE2 /* FirebaseAuth */,
				AD8BF09F28918C80000E0CE2 /* FirebaseDatabase */,
				AD8BF0A128918C80000E0CE2 /* FirebaseDatabaseSwift */,
				AD8BF0A328918C80000E0CE2 /* FirebaseFirestore */,
				AD8BF0A528918C80000E0CE2 /* FirebaseFirestoreSwift */,
				AD8BF0A728918C80000E0CE2 /* FirebaseStorage */,
				AD8BF0AA28919BF1000E0CE2 /* SDWebImageSwiftUI */,
				AD8BF0AD2891AC9E000E0CE2 /* HMSSDK */,
				ADDC52E528A6762F0018E783 /* HMSBroadcastExtensionSDK */,
				ADCDA74228C749A7004789B9 /* HMSBroadcastExtensionSDK */,
				ADCDA74528C74B40004789B9 /* HMSSDK */,
				ADE9990628C8E55600F41E7C /* HMSBroadcastExtensionSDK */,
			);
			productName = Learnalize;
			productReference = AD68859327E4CF4800467592 /* Learnalize.app */;
			productType = "com.apple.product-type.application";
		};
		AD6885A227E4CF4C00467592 /* LearnalizeTests */ = {
			isa = PBXNativeTarget;
			buildConfigurationList = AD6885BA27E4CF4C00467592 /* Build configuration list for PBXNativeTarget "LearnalizeTests" */;
			buildPhases = (
				AD68859F27E4CF4C00467592 /* Sources */,
				AD6885A027E4CF4C00467592 /* Frameworks */,
				AD6885A127E4CF4C00467592 /* Resources */,
			);
			buildRules = (
			);
			dependencies = (
				AD6885A527E4CF4C00467592 /* PBXTargetDependency */,
			);
			name = LearnalizeTests;
			productName = LearnalizeTests;
			productReference = AD6885A327E4CF4C00467592 /* LearnalizeTests.xctest */;
			productType = "com.apple.product-type.bundle.unit-test";
		};
		AD6885AC27E4CF4C00467592 /* LearnalizeUITests */ = {
			isa = PBXNativeTarget;
			buildConfigurationList = AD6885BD27E4CF4C00467592 /* Build configuration list for PBXNativeTarget "LearnalizeUITests" */;
			buildPhases = (
				AD6885A927E4CF4C00467592 /* Sources */,
				AD6885AA27E4CF4C00467592 /* Frameworks */,
				AD6885AB27E4CF4C00467592 /* Resources */,
			);
			buildRules = (
			);
			dependencies = (
				AD6885AF27E4CF4C00467592 /* PBXTargetDependency */,
			);
			name = LearnalizeUITests;
			productName = LearnalizeUITests;
			productReference = AD6885AD27E4CF4C00467592 /* LearnalizeUITests.xctest */;
			productType = "com.apple.product-type.bundle.ui-testing";
		};
		ADDC52ED28A6CDCA0018E783 /* broadcast */ = {
			isa = PBXNativeTarget;
			buildConfigurationList = ADDC530A28A6CDCB0018E783 /* Build configuration list for PBXNativeTarget "broadcast" */;
			buildPhases = (
				ADDC52EA28A6CDCA0018E783 /* Sources */,
				ADDC52EB28A6CDCA0018E783 /* Frameworks */,
				ADDC52EC28A6CDCA0018E783 /* Resources */,
			);
			buildRules = (
			);
			dependencies = (
			);
			name = broadcast;
			productName = broadcast;
			productReference = ADDC52EE28A6CDCA0018E783 /* broadcast.appex */;
			productType = "com.apple.product-type.app-extension";
		};
		ADDC52F828A6CDCB0018E783 /* broadcastSetupUI */ = {
			isa = PBXNativeTarget;
			buildConfigurationList = ADDC530728A6CDCB0018E783 /* Build configuration list for PBXNativeTarget "broadcastSetupUI" */;
			buildPhases = (
				ADDC52F528A6CDCB0018E783 /* Sources */,
				ADDC52F628A6CDCB0018E783 /* Frameworks */,
				ADDC52F728A6CDCB0018E783 /* Resources */,
			);
			buildRules = (
			);
			dependencies = (
			);
			name = broadcastSetupUI;
			productName = broadcastSetupUI;
			productReference = ADDC52F928A6CDCB0018E783 /* broadcastSetupUI.appex */;
			productType = "com.apple.product-type.app-extension";
		};
/* End PBXNativeTarget section */

/* Begin PBXProject section */
		AD68858B27E4CF4800467592 /* Project object */ = {
			isa = PBXProject;
			attributes = {
				BuildIndependentTargetsInParallel = 1;
				LastSwiftUpdateCheck = 1340;
				LastUpgradeCheck = 1320;
				TargetAttributes = {
					AD68859227E4CF4800467592 = {
						CreatedOnToolsVersion = 13.2.1;
					};
					AD6885A227E4CF4C00467592 = {
						CreatedOnToolsVersion = 13.2.1;
						TestTargetID = AD68859227E4CF4800467592;
					};
					AD6885AC27E4CF4C00467592 = {
						CreatedOnToolsVersion = 13.2.1;
						TestTargetID = AD68859227E4CF4800467592;
					};
					ADDC52ED28A6CDCA0018E783 = {
						CreatedOnToolsVersion = 13.4.1;
					};
					ADDC52F828A6CDCB0018E783 = {
						CreatedOnToolsVersion = 13.4.1;
					};
				};
			};
			buildConfigurationList = AD68858E27E4CF4800467592 /* Build configuration list for PBXProject "Learnalize" */;
			compatibilityVersion = "Xcode 13.0";
			developmentRegion = en;
			hasScannedForEncodings = 0;
			knownRegions = (
				en,
				Base,
			);
			mainGroup = AD68858A27E4CF4800467592;
			packageReferences = (
				AD8BF09A28918C80000E0CE2 /* XCRemoteSwiftPackageReference "firebase-ios-sdk" */,
				AD8BF0A928919BF1000E0CE2 /* XCRemoteSwiftPackageReference "SDWebImageSwiftUI" */,
				AD8BF0AC2891AC9E000E0CE2 /* XCRemoteSwiftPackageReference "100ms-ios-sdk" */,
				ADDC52E428A6762F0018E783 /* XCRemoteSwiftPackageReference "100ms-ios-broadcast-sdk" */,
				ADCDA74128C749A7004789B9 /* XCRemoteSwiftPackageReference "100ms-ios-broadcast-sdk" */,
				ADCDA74428C74B40004789B9 /* XCRemoteSwiftPackageReference "100ms-ios-sdk" */,
				ADE9990428C8DF2A00F41E7C /* XCRemoteSwiftPackageReference "firebase-ios-sdk" */,
				ADE9990528C8E55600F41E7C /* XCRemoteSwiftPackageReference "100ms-ios-broadcast-sdk" */,
				ADE9990828C8EA2700F41E7C /* XCRemoteSwiftPackageReference "firebase-ios-sdk" */,
			);
			productRefGroup = AD68859427E4CF4800467592 /* Products */;
			projectDirPath = "";
			projectRoot = "";
			targets = (
				AD68859227E4CF4800467592 /* Learnalize */,
				AD6885A227E4CF4C00467592 /* LearnalizeTests */,
				AD6885AC27E4CF4C00467592 /* LearnalizeUITests */,
				ADDC52ED28A6CDCA0018E783 /* broadcast */,
				ADDC52F828A6CDCB0018E783 /* broadcastSetupUI */,
			);
		};
/* End PBXProject section */

/* Begin PBXResourcesBuildPhase section */
		AD68859127E4CF4800467592 /* Resources */ = {
			isa = PBXResourcesBuildPhase;
			buildActionMask = 2147483647;
			files = (
				AD68859E27E4CF4B00467592 /* Preview Assets.xcassets in Resources */,
				AD68859B27E4CF4B00467592 /* Assets.xcassets in Resources */,
				AD948CC728B3CCA700569312 /* Launch Screen.storyboard in Resources */,
				AD73F152282593160019827A /* GoogleService-Info.plist in Resources */,
			);
			runOnlyForDeploymentPostprocessing = 0;
		};
		AD6885A127E4CF4C00467592 /* Resources */ = {
			isa = PBXResourcesBuildPhase;
			buildActionMask = 2147483647;
			files = (
			);
			runOnlyForDeploymentPostprocessing = 0;
		};
		AD6885AB27E4CF4C00467592 /* Resources */ = {
			isa = PBXResourcesBuildPhase;
			buildActionMask = 2147483647;
			files = (
			);
			runOnlyForDeploymentPostprocessing = 0;
		};
		ADDC52EC28A6CDCA0018E783 /* Resources */ = {
			isa = PBXResourcesBuildPhase;
			buildActionMask = 2147483647;
			files = (
			);
			runOnlyForDeploymentPostprocessing = 0;
		};
		ADDC52F728A6CDCB0018E783 /* Resources */ = {
			isa = PBXResourcesBuildPhase;
			buildActionMask = 2147483647;
			files = (
			);
			runOnlyForDeploymentPostprocessing = 0;
		};
/* End PBXResourcesBuildPhase section */

/* Begin PBXSourcesBuildPhase section */
		AD68858F27E4CF4800467592 /* Sources */ = {
			isa = PBXSourcesBuildPhase;
			buildActionMask = 2147483647;
			files = (
				ADE2B8F02881F47A00490411 /* UserDefaultsExtension.swift in Sources */,
				AD948CC228B2329B00569312 /* EditProfileView-ViewModel.swift in Sources */,
				ADFB40B82836880C003C26E9 /* ActivityCards.swift in Sources */,
				ADFB40BD2836880C003C26E9 /* Colors.swift in Sources */,
				ADDD853E287F03D000D4EB73 /* ErrorTypes.swift in Sources */,
				ADFB40BA2836880C003C26E9 /* customElements.swift in Sources */,
				ADFB40C22836880C003C26E9 /* RegisterView.swift in Sources */,
				ADFB40CE28368830003C26E9 /* PostActivityView-ViewModel.swift in Sources */,
				ADE0781228996B8F00A19155 /* ChatLogViewViewModel.swift in Sources */,
				ADFB40CA28368830003C26E9 /* ActivityView-ViewModel.swift in Sources */,
				AD9DA3B428AAB8A1005B6810 /* ActivityCardsViewModel.swift in Sources */,
				ADFB40D728368835003C26E9 /* Message.swift in Sources */,
				ADFB40BE2836880C003C26E9 /* MainView.swift in Sources */,
				AD096ED328982A0E00085E0F /* ChatListViewViewModel.swift in Sources */,
				AD071B1C28514ED0003E4A0E /* UserList.swift in Sources */,
				ADFB40CF28368830003C26E9 /* MainView-ViewModel.swift in Sources */,
				ADFB40D528368835003C26E9 /* File.swift in Sources */,
				ADFB40D328368835003C26E9 /* User.swift in Sources */,
				AD948CBE28B231F400569312 /* EditProfileView.swift in Sources */,
				AD948CC428B38CD500569312 /* adminsIdentifiers.swift in Sources */,
				ADFB40C82836882A003C26E9 /* Firestore.swift in Sources */,
				ADB7A7B928563B9C00B399D8 /* Images.swift in Sources */,
				ADFB40D228368835003C26E9 /* Chat.swift in Sources */,
				ADFB40C928368830003C26E9 /* ProfileView-ViewModel.swift in Sources */,
				ADFB40C02836880C003C26E9 /* ActivityView.swift in Sources */,
				AD8BF0BA289658A7000E0CE2 /* VideoCollectionCell.swift in Sources */,
				ADFB40D628368835003C26E9 /* Admin.swift in Sources */,
				AD696F8C289060900098D10C /* APIHandler.swift in Sources */,
				ADFB40D928368835003C26E9 /* Participant.swift in Sources */,
				ADFB40CC28368830003C26E9 /* LoginView-ViewModel.swift in Sources */,
				ADFB40C72836882A003C26E9 /* Authentication.swift in Sources */,
				ADFB40BC2836880C003C26E9 /* SearchView.swift in Sources */,
				ADCEC8F0287B356C000675D3 /* Cache.swift in Sources */,
				ADFB40B92836880C003C26E9 /* HomeView.swift in Sources */,
				AD096ED12896F99C00085E0F /* ChatListView.swift in Sources */,
				AD8BF0B32892A88F000E0CE2 /* RequestTypes.swift in Sources */,
				AD8BF0B62892B35B000E0CE2 /* ViewControllers.swift in Sources */,
				AD4EF85A289D21BF00C1A299 /* extensions.swift in Sources */,
				AD8943922878D18900506865 /* Converter.swift in Sources */,
				ADFB40D428368835003C26E9 /* Host.swift in Sources */,
				ADFB40BF2836880C003C26E9 /* LoginView.swift in Sources */,
				ADFB40D028368830003C26E9 /* HomeView-ViewModel.swift in Sources */,
				ADFB40C12836880C003C26E9 /* PostActivityView.swift in Sources */,
				ADE078102899538E00A19155 /* ChatLogView.swift in Sources */,
				ADFB40BB2836880C003C26E9 /* ProfileView.swift in Sources */,
				ADFB40CB28368830003C26E9 /* registerView-ViewModel.swift in Sources */,
				ADFB40D128368835003C26E9 /* Activity.swift in Sources */,
				ADFB40D828368835003C26E9 /* Friend.swift in Sources */,
				AD8BF0B82893DDE6000E0CE2 /* UIViewExtension.swift in Sources */,
				AD8BF0B12892A883000E0CE2 /* ResponseTypes.swift in Sources */,
				AD68859727E4CF4800467592 /* LearnalizeApp.swift in Sources */,
				ADFB40CD28368830003C26E9 /* SearchView-ViewModel.swift in Sources */,
			);
			runOnlyForDeploymentPostprocessing = 0;
		};
		AD68859F27E4CF4C00467592 /* Sources */ = {
			isa = PBXSourcesBuildPhase;
			buildActionMask = 2147483647;
			files = (
				ADA7A01E28355E3B006BB505 /* PostActivityView-ViewModel.swift in Sources */,
				ADA7A02128355E3B006BB505 /* LoginView-ViewModel.swift in Sources */,
				ADA7A01D28355E3B006BB505 /* ActivityView-ViewModel.swift in Sources */,
				ADA7A02B28355E41006BB505 /* Message.swift in Sources */,
				ADA7A02728355E41006BB505 /* Participant.swift in Sources */,
				ADA7A02228355E3B006BB505 /* MainView-ViewModel.swift in Sources */,
				ADA7A02928355E41006BB505 /* File.swift in Sources */,
				AD6885A827E4CF4C00467592 /* LearnalizeTests.swift in Sources */,
				ADA7A02F28355F98006BB505 /* LoginView.swift in Sources */,
				ADA7A02028355E3B006BB505 /* ProfileView-ViewModel.swift in Sources */,
				ADA7A03B28355FAE006BB505 /* Firestore.swift in Sources */,
				ADA7A02628355E41006BB505 /* Admin.swift in Sources */,
				ADA7A02828355E41006BB505 /* User.swift in Sources */,
				ADA7A02528355E41006BB505 /* Activity.swift in Sources */,
				ADA7A02428355E41006BB505 /* Chat.swift in Sources */,
				ADA7A02D28355F98006BB505 /* HomeView.swift in Sources */,
				ADA7A02C28355E41006BB505 /* Friend.swift in Sources */,
				ADA7A03028355F98006BB505 /* ActivityCards.swift in Sources */,
				ADA7A01C28355E3B006BB505 /* registerView-ViewModel.swift in Sources */,
				ADA7A03228355F98006BB505 /* ActivityView.swift in Sources */,
				ADA7A02A28355E41006BB505 /* Host.swift in Sources */,
				ADA7A01B28355D67006BB505 /* UserClassTest.swift in Sources */,
				ADA7A03328355F98006BB505 /* Colors.swift in Sources */,
				ADA7A03428355F98006BB505 /* PostActivityView.swift in Sources */,
				ADA7A02328355E3B006BB505 /* HomeView-ViewModel.swift in Sources */,
				ADA7A03528355F98006BB505 /* SearchView.swift in Sources */,
				ADA7A03728355F9E006BB505 /* customElements.swift in Sources */,
				ADA7A03628355F98006BB505 /* MainView.swift in Sources */,
				AD5C96C42847B1CC00684485 /* HostClassTest.swift in Sources */,
				ADA7A03128355F98006BB505 /* RegisterView.swift in Sources */,
				ADA7A02E28355F98006BB505 /* ProfileView.swift in Sources */,
				ADA7A01F28355E3B006BB505 /* SearchView-ViewModel.swift in Sources */,
				ADA7A03A28355FAB006BB505 /* Authentication.swift in Sources */,
				AD5C96C22847AADA00684485 /* ActivitiyStructTest.swift in Sources */,
			);
			runOnlyForDeploymentPostprocessing = 0;
		};
		AD6885A927E4CF4C00467592 /* Sources */ = {
			isa = PBXSourcesBuildPhase;
			buildActionMask = 2147483647;
			files = (
				AD6885B227E4CF4C00467592 /* LearnalizeUITests.swift in Sources */,
				AD6885B427E4CF4C00467592 /* LearnalizeUITestsLaunchTests.swift in Sources */,
			);
			runOnlyForDeploymentPostprocessing = 0;
		};
		ADDC52EA28A6CDCA0018E783 /* Sources */ = {
			isa = PBXSourcesBuildPhase;
			buildActionMask = 2147483647;
			files = (
				ADDC52F328A6CDCA0018E783 /* SampleHandler.swift in Sources */,
			);
			runOnlyForDeploymentPostprocessing = 0;
		};
		ADDC52F528A6CDCB0018E783 /* Sources */ = {
			isa = PBXSourcesBuildPhase;
			buildActionMask = 2147483647;
			files = (
				ADDC52FF28A6CDCB0018E783 /* BroadcastSetupViewController.swift in Sources */,
			);
			runOnlyForDeploymentPostprocessing = 0;
		};
/* End PBXSourcesBuildPhase section */

/* Begin PBXTargetDependency section */
		AD6885A527E4CF4C00467592 /* PBXTargetDependency */ = {
			isa = PBXTargetDependency;
			target = AD68859227E4CF4800467592 /* Learnalize */;
			targetProxy = AD6885A427E4CF4C00467592 /* PBXContainerItemProxy */;
		};
		AD6885AF27E4CF4C00467592 /* PBXTargetDependency */ = {
			isa = PBXTargetDependency;
			target = AD68859227E4CF4800467592 /* Learnalize */;
			targetProxy = AD6885AE27E4CF4C00467592 /* PBXContainerItemProxy */;
		};
		ADDC530228A6CDCB0018E783 /* PBXTargetDependency */ = {
			isa = PBXTargetDependency;
			target = ADDC52F828A6CDCB0018E783 /* broadcastSetupUI */;
			targetProxy = ADDC530128A6CDCB0018E783 /* PBXContainerItemProxy */;
		};
		ADDC530528A6CDCB0018E783 /* PBXTargetDependency */ = {
			isa = PBXTargetDependency;
			target = ADDC52ED28A6CDCA0018E783 /* broadcast */;
			targetProxy = ADDC530428A6CDCB0018E783 /* PBXContainerItemProxy */;
		};
/* End PBXTargetDependency section */

/* Begin XCBuildConfiguration section */
		AD6885B527E4CF4C00467592 /* Debug */ = {
			isa = XCBuildConfiguration;
			buildSettings = {
				ALWAYS_SEARCH_USER_PATHS = NO;
				CLANG_ANALYZER_NONNULL = YES;
				CLANG_ANALYZER_NUMBER_OBJECT_CONVERSION = YES_AGGRESSIVE;
				CLANG_CXX_LANGUAGE_STANDARD = "gnu++17";
				CLANG_CXX_LIBRARY = "libc++";
				CLANG_ENABLE_MODULES = YES;
				CLANG_ENABLE_OBJC_ARC = YES;
				CLANG_ENABLE_OBJC_WEAK = YES;
				CLANG_WARN_BLOCK_CAPTURE_AUTORELEASING = YES;
				CLANG_WARN_BOOL_CONVERSION = YES;
				CLANG_WARN_COMMA = YES;
				CLANG_WARN_CONSTANT_CONVERSION = YES;
				CLANG_WARN_DEPRECATED_OBJC_IMPLEMENTATIONS = YES;
				CLANG_WARN_DIRECT_OBJC_ISA_USAGE = YES_ERROR;
				CLANG_WARN_DOCUMENTATION_COMMENTS = YES;
				CLANG_WARN_EMPTY_BODY = YES;
				CLANG_WARN_ENUM_CONVERSION = YES;
				CLANG_WARN_INFINITE_RECURSION = YES;
				CLANG_WARN_INT_CONVERSION = YES;
				CLANG_WARN_NON_LITERAL_NULL_CONVERSION = YES;
				CLANG_WARN_OBJC_IMPLICIT_RETAIN_SELF = YES;
				CLANG_WARN_OBJC_LITERAL_CONVERSION = YES;
				CLANG_WARN_OBJC_ROOT_CLASS = YES_ERROR;
				CLANG_WARN_QUOTED_INCLUDE_IN_FRAMEWORK_HEADER = YES;
				CLANG_WARN_RANGE_LOOP_ANALYSIS = YES;
				CLANG_WARN_STRICT_PROTOTYPES = YES;
				CLANG_WARN_SUSPICIOUS_MOVE = YES;
				CLANG_WARN_UNGUARDED_AVAILABILITY = YES_AGGRESSIVE;
				CLANG_WARN_UNREACHABLE_CODE = YES;
				CLANG_WARN__DUPLICATE_METHOD_MATCH = YES;
				COPY_PHASE_STRIP = NO;
				DEBUG_INFORMATION_FORMAT = dwarf;
				ENABLE_STRICT_OBJC_MSGSEND = YES;
				ENABLE_TESTABILITY = YES;
				GCC_C_LANGUAGE_STANDARD = gnu11;
				GCC_DYNAMIC_NO_PIC = NO;
				GCC_NO_COMMON_BLOCKS = YES;
				GCC_OPTIMIZATION_LEVEL = 0;
				GCC_PREPROCESSOR_DEFINITIONS = (
					"DEBUG=1",
					"$(inherited)",
				);
				GCC_WARN_64_TO_32_BIT_CONVERSION = YES;
				GCC_WARN_ABOUT_RETURN_TYPE = YES_ERROR;
				GCC_WARN_UNDECLARED_SELECTOR = YES;
				GCC_WARN_UNINITIALIZED_AUTOS = YES_AGGRESSIVE;
				GCC_WARN_UNUSED_FUNCTION = YES;
				GCC_WARN_UNUSED_VARIABLE = YES;
				IPHONEOS_DEPLOYMENT_TARGET = 15.2;
				MTL_ENABLE_DEBUG_INFO = INCLUDE_SOURCE;
				MTL_FAST_MATH = YES;
				ONLY_ACTIVE_ARCH = YES;
				SDKROOT = iphoneos;
				SWIFT_ACTIVE_COMPILATION_CONDITIONS = DEBUG;
				SWIFT_OPTIMIZATION_LEVEL = "-Onone";
			};
			name = Debug;
		};
		AD6885B627E4CF4C00467592 /* Release */ = {
			isa = XCBuildConfiguration;
			buildSettings = {
				ALWAYS_SEARCH_USER_PATHS = NO;
				CLANG_ANALYZER_NONNULL = YES;
				CLANG_ANALYZER_NUMBER_OBJECT_CONVERSION = YES_AGGRESSIVE;
				CLANG_CXX_LANGUAGE_STANDARD = "gnu++17";
				CLANG_CXX_LIBRARY = "libc++";
				CLANG_ENABLE_MODULES = YES;
				CLANG_ENABLE_OBJC_ARC = YES;
				CLANG_ENABLE_OBJC_WEAK = YES;
				CLANG_WARN_BLOCK_CAPTURE_AUTORELEASING = YES;
				CLANG_WARN_BOOL_CONVERSION = YES;
				CLANG_WARN_COMMA = YES;
				CLANG_WARN_CONSTANT_CONVERSION = YES;
				CLANG_WARN_DEPRECATED_OBJC_IMPLEMENTATIONS = YES;
				CLANG_WARN_DIRECT_OBJC_ISA_USAGE = YES_ERROR;
				CLANG_WARN_DOCUMENTATION_COMMENTS = YES;
				CLANG_WARN_EMPTY_BODY = YES;
				CLANG_WARN_ENUM_CONVERSION = YES;
				CLANG_WARN_INFINITE_RECURSION = YES;
				CLANG_WARN_INT_CONVERSION = YES;
				CLANG_WARN_NON_LITERAL_NULL_CONVERSION = YES;
				CLANG_WARN_OBJC_IMPLICIT_RETAIN_SELF = YES;
				CLANG_WARN_OBJC_LITERAL_CONVERSION = YES;
				CLANG_WARN_OBJC_ROOT_CLASS = YES_ERROR;
				CLANG_WARN_QUOTED_INCLUDE_IN_FRAMEWORK_HEADER = YES;
				CLANG_WARN_RANGE_LOOP_ANALYSIS = YES;
				CLANG_WARN_STRICT_PROTOTYPES = YES;
				CLANG_WARN_SUSPICIOUS_MOVE = YES;
				CLANG_WARN_UNGUARDED_AVAILABILITY = YES_AGGRESSIVE;
				CLANG_WARN_UNREACHABLE_CODE = YES;
				CLANG_WARN__DUPLICATE_METHOD_MATCH = YES;
				COPY_PHASE_STRIP = NO;
				DEBUG_INFORMATION_FORMAT = "dwarf-with-dsym";
				ENABLE_NS_ASSERTIONS = NO;
				ENABLE_STRICT_OBJC_MSGSEND = YES;
				GCC_C_LANGUAGE_STANDARD = gnu11;
				GCC_NO_COMMON_BLOCKS = YES;
				GCC_WARN_64_TO_32_BIT_CONVERSION = YES;
				GCC_WARN_ABOUT_RETURN_TYPE = YES_ERROR;
				GCC_WARN_UNDECLARED_SELECTOR = YES;
				GCC_WARN_UNINITIALIZED_AUTOS = YES_AGGRESSIVE;
				GCC_WARN_UNUSED_FUNCTION = YES;
				GCC_WARN_UNUSED_VARIABLE = YES;
				IPHONEOS_DEPLOYMENT_TARGET = 15.2;
				MTL_ENABLE_DEBUG_INFO = NO;
				MTL_FAST_MATH = YES;
				SDKROOT = iphoneos;
				SWIFT_COMPILATION_MODE = wholemodule;
				SWIFT_OPTIMIZATION_LEVEL = "-O";
				VALIDATE_PRODUCT = YES;
			};
			name = Release;
		};
		AD6885B827E4CF4C00467592 /* Debug */ = {
			isa = XCBuildConfiguration;
			buildSettings = {
				ALWAYS_EMBED_SWIFT_STANDARD_LIBRARIES = YES;
				ASSETCATALOG_COMPILER_APPICON_NAME = AppIcon;
				ASSETCATALOG_COMPILER_GLOBAL_ACCENT_COLOR_NAME = AccentColor;
				CODE_SIGN_ENTITLEMENTS = Learnalize/Learnalize.entitlements;
				CODE_SIGN_STYLE = Automatic;
				CURRENT_PROJECT_VERSION = 1;
				DEVELOPMENT_ASSET_PATHS = "\"Learnalize/Preview Content\"";
				DEVELOPMENT_TEAM = STYRP9W7ZQ;
				ENABLE_PREVIEWS = YES;
				GENERATE_INFOPLIST_FILE = YES;
				INFOPLIST_FILE = Learnalize/Info.plist;
				INFOPLIST_KEY_NSCameraUsageDescription = "Please allow access to Camera to enable video conferencing.";
				INFOPLIST_KEY_NSLocalNetworkUsageDescription = "Please allow access to network usage to enable video conferencing.";
				INFOPLIST_KEY_NSMicrophoneUsageDescription = "Please allow access to Microphone to enable video conferencing.";
				INFOPLIST_KEY_UIApplicationSceneManifest_Generation = YES;
				INFOPLIST_KEY_UIApplicationSupportsIndirectInputEvents = YES;
				INFOPLIST_KEY_UILaunchScreen_Generation = YES;
				INFOPLIST_KEY_UILaunchStoryboardName = "Launch Screen";
				INFOPLIST_KEY_UISupportedInterfaceOrientations = UIInterfaceOrientationPortrait;
				INFOPLIST_KEY_UISupportedInterfaceOrientations_iPad = "UIInterfaceOrientationPortrait UIInterfaceOrientationPortraitUpsideDown UIInterfaceOrientationLandscapeLeft UIInterfaceOrientationLandscapeRight";
				INFOPLIST_KEY_UISupportedInterfaceOrientations_iPhone = "UIInterfaceOrientationPortrait UIInterfaceOrientationLandscapeLeft UIInterfaceOrientationLandscapeRight";
				IPHONEOS_DEPLOYMENT_TARGET = 15.5;
				LD_RUNPATH_SEARCH_PATHS = (
					"$(inherited)",
					"@executable_path/Frameworks",
				);
				MARKETING_VERSION = 1.0;
				PRODUCT_BUNDLE_IDENTIFIER = com.mediadh.App.Learnalize;
				PRODUCT_NAME = "$(TARGET_NAME)";
				SWIFT_EMIT_LOC_STRINGS = YES;
				SWIFT_VERSION = 5.0;
				TARGETED_DEVICE_FAMILY = "1,2";
			};
			name = Debug;
		};
		AD6885B927E4CF4C00467592 /* Release */ = {
			isa = XCBuildConfiguration;
			buildSettings = {
				ALWAYS_EMBED_SWIFT_STANDARD_LIBRARIES = YES;
				ASSETCATALOG_COMPILER_APPICON_NAME = AppIcon;
				ASSETCATALOG_COMPILER_GLOBAL_ACCENT_COLOR_NAME = AccentColor;
				CODE_SIGN_ENTITLEMENTS = Learnalize/Learnalize.entitlements;
				CODE_SIGN_STYLE = Automatic;
				CURRENT_PROJECT_VERSION = 1;
				DEVELOPMENT_ASSET_PATHS = "\"Learnalize/Preview Content\"";
				DEVELOPMENT_TEAM = STYRP9W7ZQ;
				ENABLE_PREVIEWS = YES;
				GENERATE_INFOPLIST_FILE = YES;
				INFOPLIST_FILE = Learnalize/Info.plist;
				INFOPLIST_KEY_NSCameraUsageDescription = "Please allow access to Camera to enable video conferencing.";
				INFOPLIST_KEY_NSLocalNetworkUsageDescription = "Please allow access to network usage to enable video conferencing.";
				INFOPLIST_KEY_NSMicrophoneUsageDescription = "Please allow access to Microphone to enable video conferencing.";
				INFOPLIST_KEY_UIApplicationSceneManifest_Generation = YES;
				INFOPLIST_KEY_UIApplicationSupportsIndirectInputEvents = YES;
				INFOPLIST_KEY_UILaunchScreen_Generation = YES;
				INFOPLIST_KEY_UILaunchStoryboardName = "Launch Screen";
				INFOPLIST_KEY_UISupportedInterfaceOrientations = UIInterfaceOrientationPortrait;
				INFOPLIST_KEY_UISupportedInterfaceOrientations_iPad = "UIInterfaceOrientationPortrait UIInterfaceOrientationPortraitUpsideDown UIInterfaceOrientationLandscapeLeft UIInterfaceOrientationLandscapeRight";
				INFOPLIST_KEY_UISupportedInterfaceOrientations_iPhone = "UIInterfaceOrientationPortrait UIInterfaceOrientationLandscapeLeft UIInterfaceOrientationLandscapeRight";
				IPHONEOS_DEPLOYMENT_TARGET = 15.5;
				LD_RUNPATH_SEARCH_PATHS = (
					"$(inherited)",
					"@executable_path/Frameworks",
				);
				MARKETING_VERSION = 1.0;
				PRODUCT_BUNDLE_IDENTIFIER = com.mediadh.App.Learnalize;
				PRODUCT_NAME = "$(TARGET_NAME)";
				SWIFT_EMIT_LOC_STRINGS = YES;
				SWIFT_VERSION = 5.0;
				TARGETED_DEVICE_FAMILY = "1,2";
			};
			name = Release;
		};
		AD6885BB27E4CF4C00467592 /* Debug */ = {
			isa = XCBuildConfiguration;
			buildSettings = {
				ALWAYS_EMBED_SWIFT_STANDARD_LIBRARIES = YES;
				BUNDLE_LOADER = "$(TEST_HOST)";
				CODE_SIGN_STYLE = Automatic;
				CURRENT_PROJECT_VERSION = 1;
				DEVELOPMENT_TEAM = STYRP9W7ZQ;
				GENERATE_INFOPLIST_FILE = YES;
				IPHONEOS_DEPLOYMENT_TARGET = 15.2;
				MARKETING_VERSION = 1.0;
				PRODUCT_BUNDLE_IDENTIFIER = com.mediadh.App.LearnalizeTests;
				PRODUCT_NAME = "$(TARGET_NAME)";
				SWIFT_EMIT_LOC_STRINGS = NO;
				SWIFT_VERSION = 5.0;
				TARGETED_DEVICE_FAMILY = "1,2";
				TEST_HOST = "$(BUILT_PRODUCTS_DIR)/Learnalize.app/Learnalize";
			};
			name = Debug;
		};
		AD6885BC27E4CF4C00467592 /* Release */ = {
			isa = XCBuildConfiguration;
			buildSettings = {
				ALWAYS_EMBED_SWIFT_STANDARD_LIBRARIES = YES;
				BUNDLE_LOADER = "$(TEST_HOST)";
				CODE_SIGN_STYLE = Automatic;
				CURRENT_PROJECT_VERSION = 1;
				DEVELOPMENT_TEAM = STYRP9W7ZQ;
				GENERATE_INFOPLIST_FILE = YES;
				IPHONEOS_DEPLOYMENT_TARGET = 15.2;
				MARKETING_VERSION = 1.0;
				PRODUCT_BUNDLE_IDENTIFIER = com.mediadh.App.LearnalizeTests;
				PRODUCT_NAME = "$(TARGET_NAME)";
				SWIFT_EMIT_LOC_STRINGS = NO;
				SWIFT_VERSION = 5.0;
				TARGETED_DEVICE_FAMILY = "1,2";
				TEST_HOST = "$(BUILT_PRODUCTS_DIR)/Learnalize.app/Learnalize";
			};
			name = Release;
		};
		AD6885BE27E4CF4C00467592 /* Debug */ = {
			isa = XCBuildConfiguration;
			buildSettings = {
				ALWAYS_EMBED_SWIFT_STANDARD_LIBRARIES = YES;
				CODE_SIGN_STYLE = Automatic;
				CURRENT_PROJECT_VERSION = 1;
				DEVELOPMENT_TEAM = STYRP9W7ZQ;
				GENERATE_INFOPLIST_FILE = YES;
				MARKETING_VERSION = 1.0;
				PRODUCT_BUNDLE_IDENTIFIER = com.mediadh.App.LearnalizeUITests;
				PRODUCT_NAME = "$(TARGET_NAME)";
				SWIFT_EMIT_LOC_STRINGS = NO;
				SWIFT_VERSION = 5.0;
				TARGETED_DEVICE_FAMILY = "1,2";
				TEST_TARGET_NAME = Learnalize;
			};
			name = Debug;
		};
		AD6885BF27E4CF4C00467592 /* Release */ = {
			isa = XCBuildConfiguration;
			buildSettings = {
				ALWAYS_EMBED_SWIFT_STANDARD_LIBRARIES = YES;
				CODE_SIGN_STYLE = Automatic;
				CURRENT_PROJECT_VERSION = 1;
				DEVELOPMENT_TEAM = STYRP9W7ZQ;
				GENERATE_INFOPLIST_FILE = YES;
				MARKETING_VERSION = 1.0;
				PRODUCT_BUNDLE_IDENTIFIER = com.mediadh.App.LearnalizeUITests;
				PRODUCT_NAME = "$(TARGET_NAME)";
				SWIFT_EMIT_LOC_STRINGS = NO;
				SWIFT_VERSION = 5.0;
				TARGETED_DEVICE_FAMILY = "1,2";
				TEST_TARGET_NAME = Learnalize;
			};
			name = Release;
		};
		ADDC530828A6CDCB0018E783 /* Debug */ = {
			isa = XCBuildConfiguration;
			buildSettings = {
				CODE_SIGN_ENTITLEMENTS = broadcastSetupUI/broadcastSetupUI.entitlements;
				CODE_SIGN_STYLE = Automatic;
				CURRENT_PROJECT_VERSION = 1;
				DEVELOPMENT_TEAM = STYRP9W7ZQ;
				GENERATE_INFOPLIST_FILE = YES;
				INFOPLIST_FILE = broadcastSetupUI/Info.plist;
				INFOPLIST_KEY_CFBundleDisplayName = broadcastSetupUI;
				INFOPLIST_KEY_NSHumanReadableCopyright = "";
				IPHONEOS_DEPLOYMENT_TARGET = 15.5;
				LD_RUNPATH_SEARCH_PATHS = (
					"$(inherited)",
					"@executable_path/Frameworks",
					"@executable_path/../../Frameworks",
				);
				MARKETING_VERSION = 1.0;
				PRODUCT_BUNDLE_IDENTIFIER = com.mediadh.App.Learnalize.broadcastSetupUI;
				PRODUCT_NAME = "$(TARGET_NAME)";
				SKIP_INSTALL = YES;
				SWIFT_EMIT_LOC_STRINGS = YES;
				SWIFT_VERSION = 5.0;
				TARGETED_DEVICE_FAMILY = "1,2";
			};
			name = Debug;
		};
		ADDC530928A6CDCB0018E783 /* Release */ = {
			isa = XCBuildConfiguration;
			buildSettings = {
				CODE_SIGN_ENTITLEMENTS = broadcastSetupUI/broadcastSetupUI.entitlements;
				CODE_SIGN_STYLE = Automatic;
				CURRENT_PROJECT_VERSION = 1;
				DEVELOPMENT_TEAM = STYRP9W7ZQ;
				GENERATE_INFOPLIST_FILE = YES;
				INFOPLIST_FILE = broadcastSetupUI/Info.plist;
				INFOPLIST_KEY_CFBundleDisplayName = broadcastSetupUI;
				INFOPLIST_KEY_NSHumanReadableCopyright = "";
				IPHONEOS_DEPLOYMENT_TARGET = 15.5;
				LD_RUNPATH_SEARCH_PATHS = (
					"$(inherited)",
					"@executable_path/Frameworks",
					"@executable_path/../../Frameworks",
				);
				MARKETING_VERSION = 1.0;
				PRODUCT_BUNDLE_IDENTIFIER = com.mediadh.App.Learnalize.broadcastSetupUI;
				PRODUCT_NAME = "$(TARGET_NAME)";
				SKIP_INSTALL = YES;
				SWIFT_EMIT_LOC_STRINGS = YES;
				SWIFT_VERSION = 5.0;
				TARGETED_DEVICE_FAMILY = "1,2";
			};
			name = Release;
		};
		ADDC530B28A6CDCB0018E783 /* Debug */ = {
			isa = XCBuildConfiguration;
			buildSettings = {
				CODE_SIGN_ENTITLEMENTS = broadcast/broadcast.entitlements;
				CODE_SIGN_STYLE = Automatic;
				CURRENT_PROJECT_VERSION = 1;
				DEVELOPMENT_TEAM = STYRP9W7ZQ;
				GENERATE_INFOPLIST_FILE = YES;
				INFOPLIST_FILE = broadcast/Info.plist;
				INFOPLIST_KEY_CFBundleDisplayName = broadcast;
				INFOPLIST_KEY_NSHumanReadableCopyright = "";
				IPHONEOS_DEPLOYMENT_TARGET = 15.5;
				LD_RUNPATH_SEARCH_PATHS = (
					"$(inherited)",
					"@executable_path/Frameworks",
					"@executable_path/../../Frameworks",
				);
				MARKETING_VERSION = 1.0;
				PRODUCT_BUNDLE_IDENTIFIER = com.mediadh.App.Learnalize.broadcast;
				PRODUCT_NAME = "$(TARGET_NAME)";
				SKIP_INSTALL = YES;
				SWIFT_EMIT_LOC_STRINGS = YES;
				SWIFT_VERSION = 5.0;
				TARGETED_DEVICE_FAMILY = "1,2";
			};
			name = Debug;
		};
		ADDC530C28A6CDCB0018E783 /* Release */ = {
			isa = XCBuildConfiguration;
			buildSettings = {
				CODE_SIGN_ENTITLEMENTS = broadcast/broadcast.entitlements;
				CODE_SIGN_STYLE = Automatic;
				CURRENT_PROJECT_VERSION = 1;
				DEVELOPMENT_TEAM = STYRP9W7ZQ;
				GENERATE_INFOPLIST_FILE = YES;
				INFOPLIST_FILE = broadcast/Info.plist;
				INFOPLIST_KEY_CFBundleDisplayName = broadcast;
				INFOPLIST_KEY_NSHumanReadableCopyright = "";
				IPHONEOS_DEPLOYMENT_TARGET = 15.5;
				LD_RUNPATH_SEARCH_PATHS = (
					"$(inherited)",
					"@executable_path/Frameworks",
					"@executable_path/../../Frameworks",
				);
				MARKETING_VERSION = 1.0;
				PRODUCT_BUNDLE_IDENTIFIER = com.mediadh.App.Learnalize.broadcast;
				PRODUCT_NAME = "$(TARGET_NAME)";
				SKIP_INSTALL = YES;
				SWIFT_EMIT_LOC_STRINGS = YES;
				SWIFT_VERSION = 5.0;
				TARGETED_DEVICE_FAMILY = "1,2";
			};
			name = Release;
		};
/* End XCBuildConfiguration section */

/* Begin XCConfigurationList section */
		AD68858E27E4CF4800467592 /* Build configuration list for PBXProject "Learnalize" */ = {
			isa = XCConfigurationList;
			buildConfigurations = (
				AD6885B527E4CF4C00467592 /* Debug */,
				AD6885B627E4CF4C00467592 /* Release */,
			);
			defaultConfigurationIsVisible = 0;
			defaultConfigurationName = Release;
		};
		AD6885B727E4CF4C00467592 /* Build configuration list for PBXNativeTarget "Learnalize" */ = {
			isa = XCConfigurationList;
			buildConfigurations = (
				AD6885B827E4CF4C00467592 /* Debug */,
				AD6885B927E4CF4C00467592 /* Release */,
			);
			defaultConfigurationIsVisible = 0;
			defaultConfigurationName = Release;
		};
		AD6885BA27E4CF4C00467592 /* Build configuration list for PBXNativeTarget "LearnalizeTests" */ = {
			isa = XCConfigurationList;
			buildConfigurations = (
				AD6885BB27E4CF4C00467592 /* Debug */,
				AD6885BC27E4CF4C00467592 /* Release */,
			);
			defaultConfigurationIsVisible = 0;
			defaultConfigurationName = Release;
		};
		AD6885BD27E4CF4C00467592 /* Build configuration list for PBXNativeTarget "LearnalizeUITests" */ = {
			isa = XCConfigurationList;
			buildConfigurations = (
				AD6885BE27E4CF4C00467592 /* Debug */,
				AD6885BF27E4CF4C00467592 /* Release */,
			);
			defaultConfigurationIsVisible = 0;
			defaultConfigurationName = Release;
		};
		ADDC530728A6CDCB0018E783 /* Build configuration list for PBXNativeTarget "broadcastSetupUI" */ = {
			isa = XCConfigurationList;
			buildConfigurations = (
				ADDC530828A6CDCB0018E783 /* Debug */,
				ADDC530928A6CDCB0018E783 /* Release */,
			);
			defaultConfigurationIsVisible = 0;
			defaultConfigurationName = Release;
		};
		ADDC530A28A6CDCB0018E783 /* Build configuration list for PBXNativeTarget "broadcast" */ = {
			isa = XCConfigurationList;
			buildConfigurations = (
				ADDC530B28A6CDCB0018E783 /* Debug */,
				ADDC530C28A6CDCB0018E783 /* Release */,
			);
			defaultConfigurationIsVisible = 0;
			defaultConfigurationName = Release;
		};
/* End XCConfigurationList section */

/* Begin XCRemoteSwiftPackageReference section */
		AD8BF09A28918C80000E0CE2 /* XCRemoteSwiftPackageReference "firebase-ios-sdk" */ = {
			isa = XCRemoteSwiftPackageReference;
			repositoryURL = "https://github.com/firebase/firebase-ios-sdk";
			requirement = {
				kind = upToNextMajorVersion;
				minimumVersion = 9.0.0;
			};
		};
		AD8BF0A928919BF1000E0CE2 /* XCRemoteSwiftPackageReference "SDWebImageSwiftUI" */ = {
			isa = XCRemoteSwiftPackageReference;
			repositoryURL = "https://github.com/SDWebImage/SDWebImageSwiftUI.git";
			requirement = {
				kind = upToNextMajorVersion;
				minimumVersion = 2.0.0;
			};
		};
		AD8BF0AC2891AC9E000E0CE2 /* XCRemoteSwiftPackageReference "100ms-ios-sdk" */ = {
			isa = XCRemoteSwiftPackageReference;
			repositoryURL = "https://github.com/100mslive/100ms-ios-sdk.git";
			requirement = {
				kind = upToNextMajorVersion;
				minimumVersion = 0.3.3;
			};
		};
		ADCDA74128C749A7004789B9 /* XCRemoteSwiftPackageReference "100ms-ios-broadcast-sdk" */ = {
			isa = XCRemoteSwiftPackageReference;
			repositoryURL = "https://github.com/100mslive/100ms-ios-broadcast-sdk.git";
			requirement = {
				kind = upToNextMajorVersion;
				minimumVersion = 0.0.2;
			};
		};
		ADCDA74428C74B40004789B9 /* XCRemoteSwiftPackageReference "100ms-ios-sdk" */ = {
			isa = XCRemoteSwiftPackageReference;
			repositoryURL = "https://github.com/100mslive/100ms-ios-sdk.git";
			requirement = {
				kind = upToNextMajorVersion;
				minimumVersion = 0.3.3;
			};
		};
		ADDC52E428A6762F0018E783 /* XCRemoteSwiftPackageReference "100ms-ios-broadcast-sdk" */ = {
			isa = XCRemoteSwiftPackageReference;
			repositoryURL = "https://github.com/100mslive/100ms-ios-broadcast-sdk.git";
			requirement = {
				kind = upToNextMajorVersion;
				minimumVersion = 0.0.2;
			};
		};
		ADE9990428C8DF2A00F41E7C /* XCRemoteSwiftPackageReference "firebase-ios-sdk" */ = {
			isa = XCRemoteSwiftPackageReference;
			repositoryURL = "https://github.com/firebase/firebase-ios-sdk";
			requirement = {
				kind = upToNextMajorVersion;
				minimumVersion = 9.0.0;
			};
		};
		ADE9990528C8E55600F41E7C /* XCRemoteSwiftPackageReference "100ms-ios-broadcast-sdk" */ = {
			isa = XCRemoteSwiftPackageReference;
			repositoryURL = "https://github.com/100mslive/100ms-ios-broadcast-sdk.git";
			requirement = {
				kind = upToNextMajorVersion;
				minimumVersion = 0.0.2;
			};
		};
		ADE9990828C8EA2700F41E7C /* XCRemoteSwiftPackageReference "firebase-ios-sdk" */ = {
			isa = XCRemoteSwiftPackageReference;
			repositoryURL = "https://github.com/firebase/firebase-ios-sdk";
			requirement = {
				kind = upToNextMajorVersion;
				minimumVersion = 9.0.0;
			};
		};
/* End XCRemoteSwiftPackageReference section */

/* Begin XCSwiftPackageProductDependency section */
		AD8BF09B28918C80000E0CE2 /* FirebaseAnalytics */ = {
			isa = XCSwiftPackageProductDependency;
			package = AD8BF09A28918C80000E0CE2 /* XCRemoteSwiftPackageReference "firebase-ios-sdk" */;
			productName = FirebaseAnalytics;
		};
		AD8BF09D28918C80000E0CE2 /* FirebaseAuth */ = {
			isa = XCSwiftPackageProductDependency;
			package = AD8BF09A28918C80000E0CE2 /* XCRemoteSwiftPackageReference "firebase-ios-sdk" */;
			productName = FirebaseAuth;
		};
		AD8BF09F28918C80000E0CE2 /* FirebaseDatabase */ = {
			isa = XCSwiftPackageProductDependency;
			package = AD8BF09A28918C80000E0CE2 /* XCRemoteSwiftPackageReference "firebase-ios-sdk" */;
			productName = FirebaseDatabase;
		};
		AD8BF0A128918C80000E0CE2 /* FirebaseDatabaseSwift */ = {
			isa = XCSwiftPackageProductDependency;
			package = AD8BF09A28918C80000E0CE2 /* XCRemoteSwiftPackageReference "firebase-ios-sdk" */;
			productName = FirebaseDatabaseSwift;
		};
		AD8BF0A328918C80000E0CE2 /* FirebaseFirestore */ = {
			isa = XCSwiftPackageProductDependency;
			package = AD8BF09A28918C80000E0CE2 /* XCRemoteSwiftPackageReference "firebase-ios-sdk" */;
			productName = FirebaseFirestore;
		};
		AD8BF0A528918C80000E0CE2 /* FirebaseFirestoreSwift */ = {
			isa = XCSwiftPackageProductDependency;
			package = AD8BF09A28918C80000E0CE2 /* XCRemoteSwiftPackageReference "firebase-ios-sdk" */;
			productName = FirebaseFirestoreSwift;
		};
		AD8BF0A728918C80000E0CE2 /* FirebaseStorage */ = {
			isa = XCSwiftPackageProductDependency;
			package = AD8BF09A28918C80000E0CE2 /* XCRemoteSwiftPackageReference "firebase-ios-sdk" */;
			productName = FirebaseStorage;
		};
		AD8BF0AA28919BF1000E0CE2 /* SDWebImageSwiftUI */ = {
			isa = XCSwiftPackageProductDependency;
			package = AD8BF0A928919BF1000E0CE2 /* XCRemoteSwiftPackageReference "SDWebImageSwiftUI" */;
			productName = SDWebImageSwiftUI;
		};
		AD8BF0AD2891AC9E000E0CE2 /* HMSSDK */ = {
			isa = XCSwiftPackageProductDependency;
			package = AD8BF0AC2891AC9E000E0CE2 /* XCRemoteSwiftPackageReference "100ms-ios-sdk" */;
			productName = HMSSDK;
		};
		ADCDA74228C749A7004789B9 /* HMSBroadcastExtensionSDK */ = {
			isa = XCSwiftPackageProductDependency;
			package = ADDC52E428A6762F0018E783 /* XCRemoteSwiftPackageReference "100ms-ios-broadcast-sdk" */;
			productName = HMSBroadcastExtensionSDK;
		};
		ADCDA74528C74B40004789B9 /* HMSSDK */ = {
			isa = XCSwiftPackageProductDependency;
			package = AD8BF0AC2891AC9E000E0CE2 /* XCRemoteSwiftPackageReference "100ms-ios-sdk" */;
			productName = HMSSDK;
		};
		ADDC52E528A6762F0018E783 /* HMSBroadcastExtensionSDK */ = {
			isa = XCSwiftPackageProductDependency;
			package = ADDC52E428A6762F0018E783 /* XCRemoteSwiftPackageReference "100ms-ios-broadcast-sdk" */;
			productName = HMSBroadcastExtensionSDK;
		};
		ADE9990628C8E55600F41E7C /* HMSBroadcastExtensionSDK */ = {
			isa = XCSwiftPackageProductDependency;
			package = ADDC52E428A6762F0018E783 /* XCRemoteSwiftPackageReference "100ms-ios-broadcast-sdk" */;
			productName = HMSBroadcastExtensionSDK;
		};
/* End XCSwiftPackageProductDependency section */
	};
	rootObject = AD68858B27E4CF4800467592 /* Project object */;
}
